// !$*UTF8*$!
{
	archiveVersion = 1;
	classes = {
	};
	objectVersion = 46;
	objects = {

/* Begin PBXBuildFile section */
		1AD640D53115EC417A230BDD /* LaunchScreen.xib in Resources */ = {isa = PBXBuildFile; fileRef = 1AD644FB93BF0B06901FCD5E /* LaunchScreen.xib */; };
		1AD641D66B96305DB64E42F7 /* main.m in Sources */ = {isa = PBXBuildFile; fileRef = 1AD6437A050D67745B214ABC /* main.m */; };
		1AD6460C6803B48F071D6E89 /* Images.xcassets in Resources */ = {isa = PBXBuildFile; fileRef = 1AD6432947FE4430D644F23B /* Images.xcassets */; };
		1AD64804C9FA33B5797A36AC /* AppDelegate.m in Sources */ = {isa = PBXBuildFile; fileRef = 1AD6492B19568EF4CBFC4EA6 /* AppDelegate.m */; };
		1AD649404878134E54E2856C /* FirstViewController.m in Sources */ = {isa = PBXBuildFile; fileRef = 1AD64D5C0A2F22B7A21911AA /* FirstViewController.m */; };
		1AD64A18A09DBE2DC5BE8086 /* Main.storyboard in Resources */ = {isa = PBXBuildFile; fileRef = 1AD64B4D5E1BC035B41C15E2 /* Main.storyboard */; };
		1AD64A8763E3322F9FBB027A /* SecondViewController.m in Sources */ = {isa = PBXBuildFile; fileRef = 1AD647E2B2A1BBDF3EE993B6 /* SecondViewController.m */; };
/* End PBXBuildFile section */

/* Begin PBXFileReference section */
		1AD641EE7503CA0E22DE8D2A /* Base */ = {isa = PBXFileReference; lastKnownFileType = file.xib; name = Base; path = abhegios/Base.lproj/LaunchScreen.xib; sourceTree = SOURCE_ROOT; };
		1AD6432947FE4430D644F23B /* Images.xcassets */ = {isa = PBXFileReference; lastKnownFileType = folder.assetcatalog; path = Images.xcassets; sourceTree = "<group>"; };
		1AD6437A050D67745B214ABC /* main.m */ = {isa = PBXFileReference; fileEncoding = 4; lastKnownFileType = sourcecode.c.objc; path = main.m; sourceTree = "<group>"; };
		1AD647E2B2A1BBDF3EE993B6 /* SecondViewController.m */ = {isa = PBXFileReference; fileEncoding = 4; lastKnownFileType = sourcecode.c.objc; path = SecondViewController.m; sourceTree = "<group>"; };
		1AD647EFE2BC2F6C2EA1E315 /* SecondViewController.h */ = {isa = PBXFileReference; fileEncoding = 4; lastKnownFileType = sourcecode.c.h; path = SecondViewController.h; sourceTree = "<group>"; };
		1AD648B17E6589F47661ED7D /* FirstViewController.h */ = {isa = PBXFileReference; fileEncoding = 4; lastKnownFileType = sourcecode.c.h; path = FirstViewController.h; sourceTree = "<group>"; };
		1AD6492B19568EF4CBFC4EA6 /* AppDelegate.m */ = {isa = PBXFileReference; fileEncoding = 4; lastKnownFileType = sourcecode.c.objc; path = AppDelegate.m; sourceTree = "<group>"; };
		1AD64D5C0A2F22B7A21911AA /* FirstViewController.m */ = {isa = PBXFileReference; fileEncoding = 4; lastKnownFileType = sourcecode.c.objc; path = FirstViewController.m; sourceTree = "<group>"; };
		1AD64E2EBB91352776CFA0DF /* Base */ = {isa = PBXFileReference; lastKnownFileType = file.storyboard; name = Base; path = abhegios/Base.lproj/Main.storyboard; sourceTree = SOURCE_ROOT; };
		1AD64E4E9A3FC7858429AD99 /* AppDelegate.h */ = {isa = PBXFileReference; fileEncoding = 4; lastKnownFileType = sourcecode.c.h; path = AppDelegate.h; sourceTree = "<group>"; };
		1AD64ED1E97994436D1AC3D5 /* Info.plist */ = {isa = PBXFileReference; fileEncoding = 4; lastKnownFileType = text.plist.info; path = Info.plist; sourceTree = "<group>"; };
		EA83390D1A68B04200F3A9E9 /* abhegios.app */ = {isa = PBXFileReference; explicitFileType = wrapper.application; includeInIndex = 0; path = abhegios.app; sourceTree = BUILT_PRODUCTS_DIR; };
/* End PBXFileReference section */

/* Begin PBXFrameworksBuildPhase section */
		EA83390A1A68B04200F3A9E9 /* Frameworks */ = {
			isa = PBXFrameworksBuildPhase;
			buildActionMask = 2147483647;
			files = (
			);
			runOnlyForDeploymentPostprocessing = 0;
		};
/* End PBXFrameworksBuildPhase section */

/* Begin PBXGroup section */
		1AD641C296B4622C6E427B9F /* Resources */ = {
			isa = PBXGroup;
			children = (
				1AD6432947FE4430D644F23B /* Images.xcassets */,
				1AD64A45ECE7FF2A410D90BB /* Supporting Files */,
				1AD64AD2BB8D921FAF5D36C1 /* Layout */,
			);
			path = Resources;
			sourceTree = "<group>";
		};
		1AD6431F4343F9E4FB9CA2CF /* Class */ = {
			isa = PBXGroup;
			children = (
				1AD6492B19568EF4CBFC4EA6 /* AppDelegate.m */,
				1AD648B17E6589F47661ED7D /* FirstViewController.h */,
				1AD64E4E9A3FC7858429AD99 /* AppDelegate.h */,
				1AD64D5C0A2F22B7A21911AA /* FirstViewController.m */,
				1AD647E2B2A1BBDF3EE993B6 /* SecondViewController.m */,
				1AD647EFE2BC2F6C2EA1E315 /* SecondViewController.h */,
				1AD6437A050D67745B214ABC /* main.m */,
			);
			path = Class;
			sourceTree = "<group>";
		};
		1AD64A45ECE7FF2A410D90BB /* Supporting Files */ = {
			isa = PBXGroup;
			children = (
				1AD64ED1E97994436D1AC3D5 /* Info.plist */,
			);
			name = "Supporting Files";
			path = abhegios;
			sourceTree = SOURCE_ROOT;
		};
		1AD64A771B77170782A88465 /* Framework */ = {
			isa = PBXGroup;
			children = (
			);
			name = Framework;
			sourceTree = "<group>";
		};
		1AD64AD2BB8D921FAF5D36C1 /* Layout */ = {
			isa = PBXGroup;
			children = (
				1AD64B4D5E1BC035B41C15E2 /* Main.storyboard */,
				1AD644FB93BF0B06901FCD5E /* LaunchScreen.xib */,
			);
			path = Layout;
			sourceTree = "<group>";
		};
		EA8339041A68B04200F3A9E9 = {
			isa = PBXGroup;
			children = (
				EA83390F1A68B04200F3A9E9 /* abhegios */,
				EA83390E1A68B04200F3A9E9 /* Products */,
			);
			sourceTree = "<group>";
		};
		EA83390E1A68B04200F3A9E9 /* Products */ = {
			isa = PBXGroup;
			children = (
				EA83390D1A68B04200F3A9E9 /* abhegios.app */,
			);
			name = Products;
			sourceTree = "<group>";
		};
		EA83390F1A68B04200F3A9E9 /* abhegios */ = {
			isa = PBXGroup;
			children = (
				1AD6431F4343F9E4FB9CA2CF /* Class */,
				1AD641C296B4622C6E427B9F /* Resources */,
				1AD64A771B77170782A88465 /* Framework */,
			);
			path = abhegios;
			sourceTree = "<group>";
		};
/* End PBXGroup section */

/* Begin PBXNativeTarget section */
		EA83390C1A68B04200F3A9E9 /* abhegios */ = {
			isa = PBXNativeTarget;
			buildConfigurationList = EA8339331A68B04200F3A9E9 /* Build configuration list for PBXNativeTarget "abhegios" */;
			buildPhases = (
				EA8339091A68B04200F3A9E9 /* Sources */,
				EA83390A1A68B04200F3A9E9 /* Frameworks */,
				EA83390B1A68B04200F3A9E9 /* Resources */,
			);
			buildRules = (
			);
			dependencies = (
			);
			name = abhegios;
			productName = abhegios;
			productReference = EA83390D1A68B04200F3A9E9 /* abhegios.app */;
			productType = "com.apple.product-type.application";
		};
/* End PBXNativeTarget section */

/* Begin PBXProject section */
		EA8339051A68B04200F3A9E9 /* Project object */ = {
			isa = PBXProject;
			attributes = {
				LastUpgradeCheck = 0610;
				ORGANIZATIONNAME = 180;
				TargetAttributes = {
					EA83390C1A68B04200F3A9E9 = {
						CreatedOnToolsVersion = 6.1;
					};
				};
			};
			buildConfigurationList = EA8339081A68B04200F3A9E9 /* Build configuration list for PBXProject "abhegios" */;
			compatibilityVersion = "Xcode 3.2";
			developmentRegion = English;
			hasScannedForEncodings = 0;
			knownRegions = (
				en,
				Base,
			);
			mainGroup = EA8339041A68B04200F3A9E9;
			productRefGroup = EA83390E1A68B04200F3A9E9 /* Products */;
			projectDirPath = "";
			projectRoot = "";
			targets = (
				EA83390C1A68B04200F3A9E9 /* abhegios */,
			);
		};
/* End PBXProject section */

/* Begin PBXResourcesBuildPhase section */
		EA83390B1A68B04200F3A9E9 /* Resources */ = {
			isa = PBXResourcesBuildPhase;
			buildActionMask = 2147483647;
			files = (
				1AD6460C6803B48F071D6E89 /* Images.xcassets in Resources */,
				1AD64A18A09DBE2DC5BE8086 /* Main.storyboard in Resources */,
				1AD640D53115EC417A230BDD /* LaunchScreen.xib in Resources */,
			);
			runOnlyForDeploymentPostprocessing = 0;
		};
/* End PBXResourcesBuildPhase section */

/* Begin PBXSourcesBuildPhase section */
		EA8339091A68B04200F3A9E9 /* Sources */ = {
			isa = PBXSourcesBuildPhase;
			buildActionMask = 2147483647;
			files = (
				1AD64804C9FA33B5797A36AC /* AppDelegate.m in Sources */,
				1AD649404878134E54E2856C /* FirstViewController.m in Sources */,
				1AD64A8763E3322F9FBB027A /* SecondViewController.m in Sources */,
				1AD641D66B96305DB64E42F7 /* main.m in Sources */,
			);
			runOnlyForDeploymentPostprocessing = 0;
		};
/* End PBXSourcesBuildPhase section */

/* Begin PBXVariantGroup section */
		1AD644FB93BF0B06901FCD5E /* LaunchScreen.xib */ = {
			isa = PBXVariantGroup;
			children = (
				1AD641EE7503CA0E22DE8D2A /* Base */,
			);
			name = LaunchScreen.xib;
			sourceTree = "<group>";
		};
		1AD64B4D5E1BC035B41C15E2 /* Main.storyboard */ = {
			isa = PBXVariantGroup;
			children = (
				1AD64E2EBB91352776CFA0DF /* Base */,
			);
			name = Main.storyboard;
			sourceTree = "<group>";
		};
/* End PBXVariantGroup section */

/* Begin XCBuildConfiguration section */
		EA8339311A68B04200F3A9E9 /* Debug */ = {
			isa = XCBuildConfiguration;
			buildSettings = {
				ALWAYS_SEARCH_USER_PATHS = NO;
				CLANG_CXX_LANGUAGE_STANDARD = "gnu++0x";
				CLANG_CXX_LIBRARY = "libc++";
				CLANG_ENABLE_MODULES = YES;
				CLANG_ENABLE_OBJC_ARC = YES;
				CLANG_WARN_BOOL_CONVERSION = YES;
				CLANG_WARN_CONSTANT_CONVERSION = YES;
				CLANG_WARN_DIRECT_OBJC_ISA_USAGE = YES_ERROR;
				CLANG_WARN_EMPTY_BODY = YES;
				CLANG_WARN_ENUM_CONVERSION = YES;
				CLANG_WARN_INT_CONVERSION = YES;
				CLANG_WARN_OBJC_ROOT_CLASS = YES_ERROR;
				CLANG_WARN_UNREACHABLE_CODE = YES;
				CLANG_WARN__DUPLICATE_METHOD_MATCH = YES;
				"CODE_SIGN_IDENTITY[sdk=iphoneos*]" = "iPhone Developer";
				COPY_PHASE_STRIP = NO;
				ENABLE_STRICT_OBJC_MSGSEND = YES;
				GCC_C_LANGUAGE_STANDARD = gnu99;
				GCC_DYNAMIC_NO_PIC = NO;
				GCC_OPTIMIZATION_LEVEL = 0;
				GCC_PREPROCESSOR_DEFINITIONS = (
					"DEBUG=1",
					"$(inherited)",
				);
				GCC_SYMBOLS_PRIVATE_EXTERN = NO;
				GCC_WARN_64_TO_32_BIT_CONVERSION = YES;
				GCC_WARN_ABOUT_RETURN_TYPE = YES_ERROR;
				GCC_WARN_UNDECLARED_SELECTOR = YES;
				GCC_WARN_UNINITIALIZED_AUTOS = YES_AGGRESSIVE;
				GCC_WARN_UNUSED_FUNCTION = YES;
				GCC_WARN_UNUSED_VARIABLE = YES;
				IPHONEOS_DEPLOYMENT_TARGET = 8.1;
				MTL_ENABLE_DEBUG_INFO = YES;
				ONLY_ACTIVE_ARCH = YES;
				SDKROOT = iphoneos;
			};
			name = Debug;
		};
		EA8339321A68B04200F3A9E9 /* Release */ = {
			isa = XCBuildConfiguration;
			buildSettings = {
				ALWAYS_SEARCH_USER_PATHS = NO;
				CLANG_CXX_LANGUAGE_STANDARD = "gnu++0x";
				CLANG_CXX_LIBRARY = "libc++";
				CLANG_ENABLE_MODULES = YES;
				CLANG_ENABLE_OBJC_ARC = YES;
				CLANG_WARN_BOOL_CONVERSION = YES;
				CLANG_WARN_CONSTANT_CONVERSION = YES;
				CLANG_WARN_DIRECT_OBJC_ISA_USAGE = YES_ERROR;
				CLANG_WARN_EMPTY_BODY = YES;
				CLANG_WARN_ENUM_CONVERSION = YES;
				CLANG_WARN_INT_CONVERSION = YES;
				CLANG_WARN_OBJC_ROOT_CLASS = YES_ERROR;
				CLANG_WARN_UNREACHABLE_CODE = YES;
				CLANG_WARN__DUPLICATE_METHOD_MATCH = YES;
				"CODE_SIGN_IDENTITY[sdk=iphoneos*]" = "iPhone Developer";
				COPY_PHASE_STRIP = YES;
				ENABLE_NS_ASSERTIONS = NO;
				ENABLE_STRICT_OBJC_MSGSEND = YES;
				GCC_C_LANGUAGE_STANDARD = gnu99;
				GCC_WARN_64_TO_32_BIT_CONVERSION = YES;
				GCC_WARN_ABOUT_RETURN_TYPE = YES_ERROR;
				GCC_WARN_UNDECLARED_SELECTOR = YES;
				GCC_WARN_UNINITIALIZED_AUTOS = YES_AGGRESSIVE;
				GCC_WARN_UNUSED_FUNCTION = YES;
				GCC_WARN_UNUSED_VARIABLE = YES;
				IPHONEOS_DEPLOYMENT_TARGET = 8.1;
				MTL_ENABLE_DEBUG_INFO = NO;
				SDKROOT = iphoneos;
				VALIDATE_PRODUCT = YES;
			};
			name = Release;
		};
		EA8339341A68B04200F3A9E9 /* Debug */ = {
			isa = XCBuildConfiguration;
			buildSettings = {
				ASSETCATALOG_COMPILER_APPICON_NAME = AppIcon;
				INFOPLIST_FILE = abhegios/Info.plist;
				LD_RUNPATH_SEARCH_PATHS = "$(inherited) @executable_path/Frameworks";
				PRODUCT_NAME = "$(TARGET_NAME)";
			};
			name = Debug;
		};
		EA8339351A68B04200F3A9E9 /* Release */ = {
			isa = XCBuildConfiguration;
			buildSettings = {
				ASSETCATALOG_COMPILER_APPICON_NAME = AppIcon;
				INFOPLIST_FILE = abhegios/Info.plist;
				LD_RUNPATH_SEARCH_PATHS = "$(inherited) @executable_path/Frameworks";
				PRODUCT_NAME = "$(TARGET_NAME)";
			};
			name = Release;
		};
/* End XCBuildConfiguration section */

/* Begin XCConfigurationList section */
		EA8339081A68B04200F3A9E9 /* Build configuration list for PBXProject "abhegios" */ = {
			isa = XCConfigurationList;
			buildConfigurations = (
				EA8339311A68B04200F3A9E9 /* Debug */,
				EA8339321A68B04200F3A9E9 /* Release */,
			);
			defaultConfigurationIsVisible = 0;
			defaultConfigurationName = Release;
		};
		EA8339331A68B04200F3A9E9 /* Build configuration list for PBXNativeTarget "abhegios" */ = {
			isa = XCConfigurationList;
			buildConfigurations = (
				EA8339341A68B04200F3A9E9 /* Debug */,
				EA8339351A68B04200F3A9E9 /* Release */,
			);
			defaultConfigurationIsVisible = 0;
			defaultConfigurationName = Release;
		};
/* End XCConfigurationList section */
	};
	rootObject = EA8339051A68B04200F3A9E9 /* Project object */;
}
