// !$*UTF8*$!
{
	archiveVersion = 1;
	classes = {
	};
	objectVersion = 46;
	objects = {

/* Begin PBXBuildFile section */
		1AD64049F3F7AA6F294AAE32 /* error.png in Resources */ = {isa = PBXBuildFile; fileRef = 1AD649A2F2D6D83B5DB8AB91 /* error.png */; };
		1AD64077DE8389AC54925C71 /* Info.plist in Resources */ = {isa = PBXBuildFile; fileRef = 1AD642E117F70E24DD88C3BD /* Info.plist */; };
		1AD6407932CF4CF9417DEF43 /* Info.plist in Resources */ = {isa = PBXBuildFile; fileRef = 1AD64688EC1876C19A332D96 /* Info.plist */; };
		1AD6419EC3E465BEDDED654B /* WXLogin.m in Sources */ = {isa = PBXBuildFile; fileRef = 1AD64BA5F04C0E11205B12FF /* WXLogin.m */; };
		1AD641A9B657652F6B6DCAAB /* libWeChatSDK.a in Frameworks */ = {isa = PBXBuildFile; fileRef = 1AD6400B313AC7FEE3D78518 /* libWeChatSDK.a */; };
		1AD641D66B96305DB64E42F7 /* main.m in Sources */ = {isa = PBXBuildFile; fileRef = 1AD6437A050D67745B214ABC /* main.m */; };
		1AD6424E41815985501DAFD3 /* libWeiboSDK.a in Frameworks */ = {isa = PBXBuildFile; fileRef = 1AD64CC1D3FCEB41E30B3D46 /* libWeiboSDK.a */; };
		1AD642F6A5749FB0E91F1A4E /* appstorehome.plist in Resources */ = {isa = PBXBuildFile; fileRef = 1AD646EFABD27B8535BB7F1C /* appstorehome.plist */; };
		1AD6444BCD81D3E62537781A /* qqicon.png in Resources */ = {isa = PBXBuildFile; fileRef = 1AD64FDCA86FD9856133C0D9 /* qqicon.png */; };
		1AD6455F3CEB60EEE78C0C77 /* UserHelper.m in Sources */ = {isa = PBXBuildFile; fileRef = 1AD6408FC527AE4826BBFD19 /* UserHelper.m */; };
		1AD64565F18F3ED26CC48D25 /* User.m in Sources */ = {isa = PBXBuildFile; fileRef = 1AD64906666AE7E8636FF430 /* User.m */; };
		1AD645A28AA3934B882BD885 /* FoundItemInfo.m in Sources */ = {isa = PBXBuildFile; fileRef = 1AD64BD02B289E09F1CFB1ED /* FoundItemInfo.m */; };
		1AD6460C6803B48F071D6E89 /* Images.xcassets in Resources */ = {isa = PBXBuildFile; fileRef = 1AD6432947FE4430D644F23B /* Images.xcassets */; };
		1AD64625B4F594E287714029 /* QQLogin.m in Sources */ = {isa = PBXBuildFile; fileRef = 1AD646C9517398D2CE12BFE0 /* QQLogin.m */; };
		1AD6466F8E60BA95319C4EF1 /* local.html in Resources */ = {isa = PBXBuildFile; fileRef = 1AD64755F74B126543E3297C /* local.html */; };
		1AD6470ECF340D8FC98FD7FD /* success.png in Resources */ = {isa = PBXBuildFile; fileRef = 1AD64EC338CEFF6147A40C44 /* success.png */; };
		1AD64804C9FA33B5797A36AC /* AppDelegate.m in Sources */ = {isa = PBXBuildFile; fileRef = 1AD6492B19568EF4CBFC4EA6 /* AppDelegate.m */; };
		1AD64850016A35AAE41E0C11 /* TencentOpenAPI in Resources */ = {isa = PBXBuildFile; fileRef = 1AD642C0A4FA8B5FB88F2722 /* TencentOpenAPI */; };
		1AD648B3BA85A32392AD7DD7 /* appstorehome_test.json in Sources */ = {isa = PBXBuildFile; fileRef = 1AD64849042CDCBD5AF28B41 /* appstorehome_test.json */; };
		1AD64903B17F5D12DC09D1BB /* ThirdLoginInfo.m in Sources */ = {isa = PBXBuildFile; fileRef = 1AD64A4A58510940FB83B455 /* ThirdLoginInfo.m */; };
		1AD6499081D9DEF2C11C321E /* AppInfoGroup.m in Sources */ = {isa = PBXBuildFile; fileRef = 1AD6477F61BA0655FCC24CBD /* AppInfoGroup.m */; };
		1AD649CD0AF8969FFF4B9641 /* ILogin.m in Sources */ = {isa = PBXBuildFile; fileRef = 1AD64D36FCBA289B16C1A832 /* ILogin.m */; };
		1AD64A7E02E7FE36F6F1B45D /* HandleOpenURLHelper.m in Sources */ = {isa = PBXBuildFile; fileRef = 1AD641DD2208878E496A9A4D /* HandleOpenURLHelper.m */; };
		1AD64CFE026B051E8189BAD5 /* uifounddata.plist in Resources */ = {isa = PBXBuildFile; fileRef = 1AD6442C1D90169FA2631B1E /* uifounddata.plist */; };
		1AD64D9C70E0A1325B3F2A09 /* AppViewController.m in Sources */ = {isa = PBXBuildFile; fileRef = 1AD64937DADE448C8201DFCF /* AppViewController.m */; };
		1AD64DA54158CF05FAE8F2A6 /* WBLogin.m in Sources */ = {isa = PBXBuildFile; fileRef = 1AD64ADF6021C604900147BF /* WBLogin.m */; };
		1AD64E1713AD0CE098E0019C /* AppStoreHome.m in Sources */ = {isa = PBXBuildFile; fileRef = 1AD64A5F0046E17B443BDAFB /* AppStoreHome.m */; };
		1AD64F3A04AFCBB948106908 /* AppInfo.m in Sources */ = {isa = PBXBuildFile; fileRef = 1AD64A85039C51E682F19BA9 /* AppInfo.m */; };
		CB6A21BD1A6FF2AA0087546F /* BookStoreViewController.m in Sources */ = {isa = PBXBuildFile; fileRef = CB6A21BC1A6FF2AA0087546F /* BookStoreViewController.m */; };
		CB6A21C01A6FF5600087546F /* BookStoreTableViewCellStyle1.m in Sources */ = {isa = PBXBuildFile; fileRef = CB6A21BF1A6FF5600087546F /* BookStoreTableViewCellStyle1.m */; };
		CB6A21C41A6FFA4E0087546F /* BookStoreHome.m in Sources */ = {isa = PBXBuildFile; fileRef = CB6A21C31A6FFA4E0087546F /* BookStoreHome.m */; };
		CB6A21C71A6FFA680087546F /* BookInfoGroup.m in Sources */ = {isa = PBXBuildFile; fileRef = CB6A21C61A6FFA680087546F /* BookInfoGroup.m */; };
		CB6A21CA1A6FFAEF0087546F /* BookInfo.m in Sources */ = {isa = PBXBuildFile; fileRef = CB6A21C91A6FFAEF0087546F /* BookInfo.m */; };
		CB6A21CC1A6FFCC20087546F /* bookstorehome_test.json in Resources */ = {isa = PBXBuildFile; fileRef = CB6A21CB1A6FFCC20087546F /* bookstorehome_test.json */; };
		CB6A21CE1A7007970087546F /* bookstorehome.plist in Resources */ = {isa = PBXBuildFile; fileRef = CB6A21CD1A7007970087546F /* bookstorehome.plist */; };
		CB6A21D11A711CD50087546F /* BookStoreTableViewCellStyle2.m in Sources */ = {isa = PBXBuildFile; fileRef = CB6A21D01A711CD50087546F /* BookStoreTableViewCellStyle2.m */; };
		CB6A21D41A711CEC0087546F /* BookStoreTableViewCellStyle3.m in Sources */ = {isa = PBXBuildFile; fileRef = CB6A21D31A711CEC0087546F /* BookStoreTableViewCellStyle3.m */; };
		EA13DDCE1A6F8A35004AB7E6 /* NSString+NSStringCategory.m in Sources */ = {isa = PBXBuildFile; fileRef = EA13DDCD1A6F8A35004AB7E6 /* NSString+NSStringCategory.m */; };
		EA13DDD11A6F8D3A004AB7E6 /* AppDetailsInfo.m in Sources */ = {isa = PBXBuildFile; fileRef = EA13DDCF1A6F8D3A004AB7E6 /* AppDetailsInfo.m */; };
		EA13DDD41A6F8DF9004AB7E6 /* AppDetailsViewController.m in Sources */ = {isa = PBXBuildFile; fileRef = EA13DDD21A6F8DF9004AB7E6 /* AppDetailsViewController.m */; };
		EA13DDD61A6F8E5D004AB7E6 /* appdetailspage_test.json in Resources */ = {isa = PBXBuildFile; fileRef = EA13DDD51A6F8E5D004AB7E6 /* appdetailspage_test.json */; };
		EA13DDDC1A6F961E004AB7E6 /* MyNavigationViewController.m in Sources */ = {isa = PBXBuildFile; fileRef = EA13DDDB1A6F961E004AB7E6 /* MyNavigationViewController.m */; };
		EA13DDDF1A6FA0D0004AB7E6 /* AppTableViewCellStyle3.m in Sources */ = {isa = PBXBuildFile; fileRef = EA13DDDE1A6FA0D0004AB7E6 /* AppTableViewCellStyle3.m */; };
		EA3D07721A6CD88A00189765 /* LoginTableViewCell.m in Sources */ = {isa = PBXBuildFile; fileRef = EA3D076F1A6CD88A00189765 /* LoginTableViewCell.m */; };
		EA3D07731A6CD88A00189765 /* LoginViewController.m in Sources */ = {isa = PBXBuildFile; fileRef = EA3D07711A6CD88A00189765 /* LoginViewController.m */; };
		EA3D07751A6CD89200189765 /* uilogindata.plist in Resources */ = {isa = PBXBuildFile; fileRef = EA3D07741A6CD89200189765 /* uilogindata.plist */; };
		EA3D07761A6CD9A600189765 /* Main.storyboard in Resources */ = {isa = PBXBuildFile; fileRef = 1AD64B4D5E1BC035B41C15E2 /* Main.storyboard */; };
		EA3D07771A6CD9A600189765 /* LaunchScreen.xib in Resources */ = {isa = PBXBuildFile; fileRef = 1AD644FB93BF0B06901FCD5E /* LaunchScreen.xib */; };
		EA3D07791A6CDA2000189765 /* WeiboSDK.bundle in Resources */ = {isa = PBXBuildFile; fileRef = EA3D07781A6CDA2000189765 /* WeiboSDK.bundle */; };
		EA54A1171A6E0E6100322C42 /* FoundViewController.m in Sources */ = {isa = PBXBuildFile; fileRef = EA54A1161A6E0E6100322C42 /* FoundViewController.m */; };
		EA6049501A6E492500FBA10F /* appstorehome_test.json in Resources */ = {isa = PBXBuildFile; fileRef = 1AD64849042CDCBD5AF28B41 /* appstorehome_test.json */; };
		EA6500AE1A6F34630043C4F2 /* LoginItemInfo.m in Sources */ = {isa = PBXBuildFile; fileRef = EA6500AD1A6F34630043C4F2 /* LoginItemInfo.m */; };
		EA8D74931A6E7CF9004C17C2 /* AppTableViewCellStyle1.m in Sources */ = {isa = PBXBuildFile; fileRef = EA8D74921A6E7CF9004C17C2 /* AppTableViewCellStyle1.m */; };
		EA8D74991A6E9DC2004C17C2 /* AppTableViewCellStyle2.m in Sources */ = {isa = PBXBuildFile; fileRef = EA8D74981A6E9DC2004C17C2 /* AppTableViewCellStyle2.m */; };
		EA8E8F4E1A68F07500FEA027 /* UIKit.framework in Frameworks */ = {isa = PBXBuildFile; fileRef = EA8E8F4D1A68F07500FEA027 /* UIKit.framework */; };
		EA8E8F551A68F11800FEA027 /* Foundation.framework in Frameworks */ = {isa = PBXBuildFile; fileRef = EA8E8F4F1A68F0E600FEA027 /* Foundation.framework */; };
		EA8E8F561A68F13300FEA027 /* CoreFoundation.framework in Frameworks */ = {isa = PBXBuildFile; fileRef = EA8E8F511A68F11000FEA027 /* CoreFoundation.framework */; };
		EA8E8F571A68F13300FEA027 /* CoreGraphics.framework in Frameworks */ = {isa = PBXBuildFile; fileRef = EA8E8F521A68F11000FEA027 /* CoreGraphics.framework */; };
		EA8E8F5A1A68F17E00FEA027 /* OpenGLES.framework in Frameworks */ = {isa = PBXBuildFile; fileRef = EA8E8F581A68F17100FEA027 /* OpenGLES.framework */; };
		EA8E8F5D1A68F25100FEA027 /* TencentOpenAPI.framework in Frameworks */ = {isa = PBXBuildFile; fileRef = EA8E8F5B1A68F23300FEA027 /* TencentOpenAPI.framework */; };
		EA8E8F601A68F2EA00FEA027 /* CoreTelephony.framework in Frameworks */ = {isa = PBXBuildFile; fileRef = EA8E8F5E1A68F2C900FEA027 /* CoreTelephony.framework */; };
		EA8E8F631A68F33800FEA027 /* QuartzCore.framework in Frameworks */ = {isa = PBXBuildFile; fileRef = EA8E8F611A68F31300FEA027 /* QuartzCore.framework */; };
		EA8E8F661A68F34F00FEA027 /* SystemConfiguration.framework in Frameworks */ = {isa = PBXBuildFile; fileRef = EA8E8F641A68F34600FEA027 /* SystemConfiguration.framework */; };
		EA8E8F691A68F46800FEA027 /* CoreImage.framework in Frameworks */ = {isa = PBXBuildFile; fileRef = EA8E8F671A68F45D00FEA027 /* CoreImage.framework */; };
		EA8E8F6B1A68F54400FEA027 /* libsqlite3.dylib in Frameworks */ = {isa = PBXBuildFile; fileRef = EA8E8F6A1A68F54400FEA027 /* libsqlite3.dylib */; };
		EA8E8F6D1A68F56000FEA027 /* libz.1.1.3.dylib in Frameworks */ = {isa = PBXBuildFile; fileRef = EA8E8F6C1A68F56000FEA027 /* libz.1.1.3.dylib */; };
		EA8E8F6F1A68F5E000FEA027 /* libstdc++.dylib in Frameworks */ = {isa = PBXBuildFile; fileRef = EA8E8F6E1A68F5E000FEA027 /* libstdc++.dylib */; };
		EA9486391A6DE09C003EE99B /* MainViewController.m in Sources */ = {isa = PBXBuildFile; fileRef = EA9486381A6DE09C003EE99B /* MainViewController.m */; };
		EAA454441A70DEAF0057A770 /* OEZCommSDK.framework in Frameworks */ = {isa = PBXBuildFile; fileRef = EAA454431A70DEAF0057A770 /* OEZCommSDK.framework */; };
/* End PBXBuildFile section */

/* Begin PBXFileReference section */
		1AD6400B313AC7FEE3D78518 /* libWeChatSDK.a */ = {isa = PBXFileReference; lastKnownFileType = archive.ar; path = libWeChatSDK.a; sourceTree = "<group>"; };
		1AD6405047562177033B2A56 /* AppViewController.h */ = {isa = PBXFileReference; fileEncoding = 4; lastKnownFileType = sourcecode.c.h; path = AppViewController.h; sourceTree = "<group>"; };
		1AD6408FC527AE4826BBFD19 /* UserHelper.m */ = {isa = PBXFileReference; fileEncoding = 4; lastKnownFileType = sourcecode.c.objc; path = UserHelper.m; sourceTree = "<group>"; };
		1AD640F884FE1B88F0A9CA5F /* WXLogin.h */ = {isa = PBXFileReference; fileEncoding = 4; lastKnownFileType = sourcecode.c.h; path = WXLogin.h; sourceTree = "<group>"; };
		1AD6416E67F1CB405BA07E24 /* AppInfoGroup.h */ = {isa = PBXFileReference; fileEncoding = 4; lastKnownFileType = sourcecode.c.h; path = AppInfoGroup.h; sourceTree = "<group>"; };
		1AD641DD2208878E496A9A4D /* HandleOpenURLHelper.m */ = {isa = PBXFileReference; fileEncoding = 4; lastKnownFileType = sourcecode.c.objc; path = HandleOpenURLHelper.m; sourceTree = "<group>"; };
		1AD641EE7503CA0E22DE8D2A /* Base */ = {isa = PBXFileReference; lastKnownFileType = file.xib; name = Base; path = abhegios/Base.lproj/LaunchScreen.xib; sourceTree = SOURCE_ROOT; };
		1AD64222AABA8F74FD6A4B06 /* sdkdef.h */ = {isa = PBXFileReference; fileEncoding = 4; lastKnownFileType = sourcecode.c.h; path = sdkdef.h; sourceTree = "<group>"; };
		1AD642C0A4FA8B5FB88F2722 /* TencentOpenAPI */ = {isa = PBXFileReference; fileEncoding = 4; lastKnownFileType = text; path = TencentOpenAPI; sourceTree = "<group>"; };
		1AD642E117F70E24DD88C3BD /* Info.plist */ = {isa = PBXFileReference; fileEncoding = 4; lastKnownFileType = text.plist.info; path = Info.plist; sourceTree = "<group>"; };
		1AD6430F93A186116AD7355C /* TencentApiInterface.h */ = {isa = PBXFileReference; fileEncoding = 4; lastKnownFileType = sourcecode.c.h; path = TencentApiInterface.h; sourceTree = "<group>"; };
		1AD6432947FE4430D644F23B /* Images.xcassets */ = {isa = PBXFileReference; lastKnownFileType = folder.assetcatalog; path = Images.xcassets; sourceTree = "<group>"; };
		1AD6437A050D67745B214ABC /* main.m */ = {isa = PBXFileReference; fileEncoding = 4; lastKnownFileType = sourcecode.c.objc; path = main.m; sourceTree = "<group>"; };
		1AD6442C1D90169FA2631B1E /* uifounddata.plist */ = {isa = PBXFileReference; fileEncoding = 4; lastKnownFileType = text.plist; path = uifounddata.plist; sourceTree = "<group>"; };
		1AD64449F648BB6A56A09C54 /* WXApiObject.h */ = {isa = PBXFileReference; fileEncoding = 4; lastKnownFileType = sourcecode.c.h; path = WXApiObject.h; sourceTree = "<group>"; };
		1AD644987F2FAB7C23365EC3 /* TencentOAuthObject.h */ = {isa = PBXFileReference; fileEncoding = 4; lastKnownFileType = sourcecode.c.h; path = TencentOAuthObject.h; sourceTree = "<group>"; };
		1AD645258726FA3EC5005605 /* ILogin.h */ = {isa = PBXFileReference; fileEncoding = 4; lastKnownFileType = sourcecode.c.h; path = ILogin.h; sourceTree = "<group>"; };
		1AD64542409348C62ED06463 /* QQApiInterfaceObject.h */ = {isa = PBXFileReference; fileEncoding = 4; lastKnownFileType = sourcecode.c.h; path = QQApiInterfaceObject.h; sourceTree = "<group>"; };
		1AD6457719B447546DFDBF31 /* WeiyunAPI.h */ = {isa = PBXFileReference; fileEncoding = 4; lastKnownFileType = sourcecode.c.h; path = WeiyunAPI.h; sourceTree = "<group>"; };
		1AD646601B30C099C2E3B36C /* FoundItemInfo.h */ = {isa = PBXFileReference; fileEncoding = 4; lastKnownFileType = sourcecode.c.h; path = FoundItemInfo.h; sourceTree = "<group>"; };
		1AD6467CD21BDFAB504D3527 /* ThirdLoginInfo.h */ = {isa = PBXFileReference; fileEncoding = 4; lastKnownFileType = sourcecode.c.h; path = ThirdLoginInfo.h; sourceTree = "<group>"; };
		1AD64688EC1876C19A332D96 /* Info.plist */ = {isa = PBXFileReference; fileEncoding = 4; lastKnownFileType = text.plist.info; name = Info.plist; path = Resources/Info.plist; sourceTree = "<group>"; };
		1AD646C9517398D2CE12BFE0 /* QQLogin.m */ = {isa = PBXFileReference; fileEncoding = 4; lastKnownFileType = sourcecode.c.objc; path = QQLogin.m; sourceTree = "<group>"; };
		1AD646EFABD27B8535BB7F1C /* appstorehome.plist */ = {isa = PBXFileReference; fileEncoding = 4; lastKnownFileType = text.plist; path = appstorehome.plist; sourceTree = "<group>"; };
		1AD64755F74B126543E3297C /* local.html */ = {isa = PBXFileReference; fileEncoding = 4; lastKnownFileType = text.html; path = local.html; sourceTree = "<group>"; };
		1AD6477EB2BCEFB8D0A0B92E /* AppStoreHome.h */ = {isa = PBXFileReference; fileEncoding = 4; lastKnownFileType = sourcecode.c.h; path = AppStoreHome.h; sourceTree = "<group>"; };
		1AD6477F61BA0655FCC24CBD /* AppInfoGroup.m */ = {isa = PBXFileReference; fileEncoding = 4; lastKnownFileType = sourcecode.c.objc; path = AppInfoGroup.m; sourceTree = "<group>"; };
		1AD647813E42C6C0F8BDFC97 /* abhegios-Prefix.pch */ = {isa = PBXFileReference; fileEncoding = 4; lastKnownFileType = sourcecode.c.h; path = "abhegios-Prefix.pch"; sourceTree = "<group>"; };
		1AD647DF9B122EFEA68E6170 /* HandleOpenURLHelper.h */ = {isa = PBXFileReference; fileEncoding = 4; lastKnownFileType = sourcecode.c.h; path = HandleOpenURLHelper.h; sourceTree = "<group>"; };
		1AD64811342BC7DCF625AF76 /* HelperProtocol.h */ = {isa = PBXFileReference; fileEncoding = 4; lastKnownFileType = sourcecode.c.h; path = HelperProtocol.h; sourceTree = "<group>"; };
		1AD6482492CCDF431E3E73F8 /* QQApi.h */ = {isa = PBXFileReference; fileEncoding = 4; lastKnownFileType = sourcecode.c.h; path = QQApi.h; sourceTree = "<group>"; };
		1AD64849042CDCBD5AF28B41 /* appstorehome_test.json */ = {isa = PBXFileReference; fileEncoding = 4; lastKnownFileType = text.json; path = appstorehome_test.json; sourceTree = "<group>"; };
		1AD6485A940C71B93C1841E6 /* User.h */ = {isa = PBXFileReference; fileEncoding = 4; lastKnownFileType = sourcecode.c.h; path = User.h; sourceTree = "<group>"; };
		1AD648C331E9E9DEE2764A4D /* UserHelper.h */ = {isa = PBXFileReference; fileEncoding = 4; lastKnownFileType = sourcecode.c.h; path = UserHelper.h; sourceTree = "<group>"; };
		1AD64906666AE7E8636FF430 /* User.m */ = {isa = PBXFileReference; fileEncoding = 4; lastKnownFileType = sourcecode.c.objc; path = User.m; sourceTree = "<group>"; };
		1AD6492B19568EF4CBFC4EA6 /* AppDelegate.m */ = {isa = PBXFileReference; fileEncoding = 4; lastKnownFileType = sourcecode.c.objc; path = AppDelegate.m; sourceTree = "<group>"; };
		1AD64937DADE448C8201DFCF /* AppViewController.m */ = {isa = PBXFileReference; fileEncoding = 4; lastKnownFileType = sourcecode.c.objc; path = AppViewController.m; sourceTree = "<group>"; };
		1AD649A2F2D6D83B5DB8AB91 /* error.png */ = {isa = PBXFileReference; lastKnownFileType = image.png; path = error.png; sourceTree = "<group>"; };
		1AD64A4A58510940FB83B455 /* ThirdLoginInfo.m */ = {isa = PBXFileReference; fileEncoding = 4; lastKnownFileType = sourcecode.c.objc; path = ThirdLoginInfo.m; sourceTree = "<group>"; };
		1AD64A4EF1E9A486E508A25A /* AppInfo.h */ = {isa = PBXFileReference; fileEncoding = 4; lastKnownFileType = sourcecode.c.h; path = AppInfo.h; sourceTree = "<group>"; };
		1AD64A5F0046E17B443BDAFB /* AppStoreHome.m */ = {isa = PBXFileReference; fileEncoding = 4; lastKnownFileType = sourcecode.c.objc; path = AppStoreHome.m; sourceTree = "<group>"; };
		1AD64A85039C51E682F19BA9 /* AppInfo.m */ = {isa = PBXFileReference; fileEncoding = 4; lastKnownFileType = sourcecode.c.objc; path = AppInfo.m; sourceTree = "<group>"; };
		1AD64ADF6021C604900147BF /* WBLogin.m */ = {isa = PBXFileReference; fileEncoding = 4; lastKnownFileType = sourcecode.c.objc; path = WBLogin.m; sourceTree = "<group>"; };
		1AD64B734EC6BB4C73EA65F2 /* WeiBoAPI.h */ = {isa = PBXFileReference; fileEncoding = 4; lastKnownFileType = sourcecode.c.h; path = WeiBoAPI.h; sourceTree = "<group>"; };
		1AD64BA0EAC25B5DE5518049 /* QQApiInterface.h */ = {isa = PBXFileReference; fileEncoding = 4; lastKnownFileType = sourcecode.c.h; path = QQApiInterface.h; sourceTree = "<group>"; };
		1AD64BA5F04C0E11205B12FF /* WXLogin.m */ = {isa = PBXFileReference; fileEncoding = 4; lastKnownFileType = sourcecode.c.objc; path = WXLogin.m; sourceTree = "<group>"; };
		1AD64BD02B289E09F1CFB1ED /* FoundItemInfo.m */ = {isa = PBXFileReference; fileEncoding = 4; lastKnownFileType = sourcecode.c.objc; path = FoundItemInfo.m; sourceTree = "<group>"; };
		1AD64BFFD81F6015240307A4 /* TencentOAuth.h */ = {isa = PBXFileReference; fileEncoding = 4; lastKnownFileType = sourcecode.c.h; path = TencentOAuth.h; sourceTree = "<group>"; };
		1AD64C0BB094B03E4664C418 /* QQLogin.h */ = {isa = PBXFileReference; fileEncoding = 4; lastKnownFileType = sourcecode.c.h; path = QQLogin.h; sourceTree = "<group>"; };
		1AD64C19994BC814CEF48214 /* WBLogin.h */ = {isa = PBXFileReference; fileEncoding = 4; lastKnownFileType = sourcecode.c.h; path = WBLogin.h; sourceTree = "<group>"; };
		1AD64CC1D3FCEB41E30B3D46 /* libWeiboSDK.a */ = {isa = PBXFileReference; lastKnownFileType = archive.ar; path = libWeiboSDK.a; sourceTree = "<group>"; };
		1AD64CF095795DD4A9A7E679 /* WXApi.h */ = {isa = PBXFileReference; fileEncoding = 4; lastKnownFileType = sourcecode.c.h; path = WXApi.h; sourceTree = "<group>"; };
		1AD64D36FCBA289B16C1A832 /* ILogin.m */ = {isa = PBXFileReference; fileEncoding = 4; lastKnownFileType = sourcecode.c.objc; path = ILogin.m; sourceTree = "<group>"; };
		1AD64E2EBB91352776CFA0DF /* Base */ = {isa = PBXFileReference; lastKnownFileType = file.storyboard; name = Base; path = abhegios/Base.lproj/Main.storyboard; sourceTree = SOURCE_ROOT; };
		1AD64E4DA1F75B75C2D8692E /* TencentMessageObject.h */ = {isa = PBXFileReference; fileEncoding = 4; lastKnownFileType = sourcecode.c.h; path = TencentMessageObject.h; sourceTree = "<group>"; };
		1AD64E4E9A3FC7858429AD99 /* AppDelegate.h */ = {isa = PBXFileReference; fileEncoding = 4; lastKnownFileType = sourcecode.c.h; path = AppDelegate.h; sourceTree = "<group>"; };
		1AD64E8024E42C94BF567A4E /* WeiboSDK.h */ = {isa = PBXFileReference; fileEncoding = 4; lastKnownFileType = sourcecode.c.h; path = WeiboSDK.h; sourceTree = "<group>"; };
		1AD64EC338CEFF6147A40C44 /* success.png */ = {isa = PBXFileReference; lastKnownFileType = image.png; path = success.png; sourceTree = "<group>"; };
		1AD64FDCA86FD9856133C0D9 /* qqicon.png */ = {isa = PBXFileReference; lastKnownFileType = image.png; path = qqicon.png; sourceTree = "<group>"; };
		CB6A21BB1A6FF2AA0087546F /* BookStoreViewController.h */ = {isa = PBXFileReference; fileEncoding = 4; lastKnownFileType = sourcecode.c.h; path = BookStoreViewController.h; sourceTree = "<group>"; };
		CB6A21BC1A6FF2AA0087546F /* BookStoreViewController.m */ = {isa = PBXFileReference; fileEncoding = 4; lastKnownFileType = sourcecode.c.objc; path = BookStoreViewController.m; sourceTree = "<group>"; };
		CB6A21BE1A6FF5600087546F /* BookStoreTableViewCellStyle1.h */ = {isa = PBXFileReference; fileEncoding = 4; lastKnownFileType = sourcecode.c.h; path = BookStoreTableViewCellStyle1.h; sourceTree = "<group>"; };
		CB6A21BF1A6FF5600087546F /* BookStoreTableViewCellStyle1.m */ = {isa = PBXFileReference; fileEncoding = 4; lastKnownFileType = sourcecode.c.objc; path = BookStoreTableViewCellStyle1.m; sourceTree = "<group>"; };
		CB6A21C21A6FFA4E0087546F /* BookStoreHome.h */ = {isa = PBXFileReference; fileEncoding = 4; lastKnownFileType = sourcecode.c.h; path = BookStoreHome.h; sourceTree = "<group>"; };
		CB6A21C31A6FFA4E0087546F /* BookStoreHome.m */ = {isa = PBXFileReference; fileEncoding = 4; lastKnownFileType = sourcecode.c.objc; path = BookStoreHome.m; sourceTree = "<group>"; };
		CB6A21C51A6FFA680087546F /* BookInfoGroup.h */ = {isa = PBXFileReference; fileEncoding = 4; lastKnownFileType = sourcecode.c.h; path = BookInfoGroup.h; sourceTree = "<group>"; };
		CB6A21C61A6FFA680087546F /* BookInfoGroup.m */ = {isa = PBXFileReference; fileEncoding = 4; lastKnownFileType = sourcecode.c.objc; path = BookInfoGroup.m; sourceTree = "<group>"; };
		CB6A21C81A6FFAEF0087546F /* BookInfo.h */ = {isa = PBXFileReference; fileEncoding = 4; lastKnownFileType = sourcecode.c.h; path = BookInfo.h; sourceTree = "<group>"; };
		CB6A21C91A6FFAEF0087546F /* BookInfo.m */ = {isa = PBXFileReference; fileEncoding = 4; lastKnownFileType = sourcecode.c.objc; path = BookInfo.m; sourceTree = "<group>"; };
		CB6A21CB1A6FFCC20087546F /* bookstorehome_test.json */ = {isa = PBXFileReference; fileEncoding = 4; lastKnownFileType = text.json; path = bookstorehome_test.json; sourceTree = "<group>"; };
		CB6A21CD1A7007970087546F /* bookstorehome.plist */ = {isa = PBXFileReference; fileEncoding = 4; lastKnownFileType = text.plist.xml; path = bookstorehome.plist; sourceTree = "<group>"; };
		CB6A21CF1A711CD50087546F /* BookStoreTableViewCellStyle2.h */ = {isa = PBXFileReference; fileEncoding = 4; lastKnownFileType = sourcecode.c.h; path = BookStoreTableViewCellStyle2.h; sourceTree = "<group>"; };
		CB6A21D01A711CD50087546F /* BookStoreTableViewCellStyle2.m */ = {isa = PBXFileReference; fileEncoding = 4; lastKnownFileType = sourcecode.c.objc; path = BookStoreTableViewCellStyle2.m; sourceTree = "<group>"; };
		CB6A21D21A711CEC0087546F /* BookStoreTableViewCellStyle3.h */ = {isa = PBXFileReference; fileEncoding = 4; lastKnownFileType = sourcecode.c.h; path = BookStoreTableViewCellStyle3.h; sourceTree = "<group>"; };
		CB6A21D31A711CEC0087546F /* BookStoreTableViewCellStyle3.m */ = {isa = PBXFileReference; fileEncoding = 4; lastKnownFileType = sourcecode.c.objc; path = BookStoreTableViewCellStyle3.m; sourceTree = "<group>"; };
		EA13DDCD1A6F8A35004AB7E6 /* NSString+NSStringCategory.m */ = {isa = PBXFileReference; fileEncoding = 4; lastKnownFileType = sourcecode.c.objc; path = "NSString+NSStringCategory.m"; sourceTree = "<group>"; };
		EA13DDCF1A6F8D3A004AB7E6 /* AppDetailsInfo.m */ = {isa = PBXFileReference; fileEncoding = 4; lastKnownFileType = sourcecode.c.objc; path = AppDetailsInfo.m; sourceTree = "<group>"; };
		EA13DDD01A6F8D3A004AB7E6 /* AppDetailsInfo.h */ = {isa = PBXFileReference; fileEncoding = 4; lastKnownFileType = sourcecode.c.h; path = AppDetailsInfo.h; sourceTree = "<group>"; };
		EA13DDD21A6F8DF9004AB7E6 /* AppDetailsViewController.m */ = {isa = PBXFileReference; fileEncoding = 4; lastKnownFileType = sourcecode.c.objc; path = AppDetailsViewController.m; sourceTree = "<group>"; };
		EA13DDD31A6F8DF9004AB7E6 /* AppDetailsViewController.h */ = {isa = PBXFileReference; fileEncoding = 4; lastKnownFileType = sourcecode.c.h; path = AppDetailsViewController.h; sourceTree = "<group>"; };
		EA13DDD51A6F8E5D004AB7E6 /* appdetailspage_test.json */ = {isa = PBXFileReference; fileEncoding = 4; lastKnownFileType = text.json; path = appdetailspage_test.json; sourceTree = "<group>"; };
		EA13DDDA1A6F961E004AB7E6 /* MyNavigationViewController.h */ = {isa = PBXFileReference; fileEncoding = 4; lastKnownFileType = sourcecode.c.h; path = MyNavigationViewController.h; sourceTree = "<group>"; };
		EA13DDDB1A6F961E004AB7E6 /* MyNavigationViewController.m */ = {isa = PBXFileReference; fileEncoding = 4; lastKnownFileType = sourcecode.c.objc; path = MyNavigationViewController.m; sourceTree = "<group>"; };
		EA13DDDD1A6FA0D0004AB7E6 /* AppTableViewCellStyle3.h */ = {isa = PBXFileReference; fileEncoding = 4; lastKnownFileType = sourcecode.c.h; path = AppTableViewCellStyle3.h; sourceTree = "<group>"; };
		EA13DDDE1A6FA0D0004AB7E6 /* AppTableViewCellStyle3.m */ = {isa = PBXFileReference; fileEncoding = 4; lastKnownFileType = sourcecode.c.objc; path = AppTableViewCellStyle3.m; sourceTree = "<group>"; };
		EA3D076E1A6CD88A00189765 /* LoginTableViewCell.h */ = {isa = PBXFileReference; fileEncoding = 4; lastKnownFileType = sourcecode.c.h; path = LoginTableViewCell.h; sourceTree = "<group>"; };
		EA3D076F1A6CD88A00189765 /* LoginTableViewCell.m */ = {isa = PBXFileReference; fileEncoding = 4; lastKnownFileType = sourcecode.c.objc; path = LoginTableViewCell.m; sourceTree = "<group>"; };
		EA3D07701A6CD88A00189765 /* LoginViewController.h */ = {isa = PBXFileReference; fileEncoding = 4; lastKnownFileType = sourcecode.c.h; path = LoginViewController.h; sourceTree = "<group>"; };
		EA3D07711A6CD88A00189765 /* LoginViewController.m */ = {isa = PBXFileReference; fileEncoding = 4; lastKnownFileType = sourcecode.c.objc; path = LoginViewController.m; sourceTree = "<group>"; };
		EA3D07741A6CD89200189765 /* uilogindata.plist */ = {isa = PBXFileReference; fileEncoding = 4; lastKnownFileType = text.plist.xml; path = uilogindata.plist; sourceTree = "<group>"; };
		EA3D07781A6CDA2000189765 /* WeiboSDK.bundle */ = {isa = PBXFileReference; lastKnownFileType = "wrapper.plug-in"; path = WeiboSDK.bundle; sourceTree = "<group>"; };
		EA54A1151A6E0E6100322C42 /* FoundViewController.h */ = {isa = PBXFileReference; fileEncoding = 4; lastKnownFileType = sourcecode.c.h; path = FoundViewController.h; sourceTree = "<group>"; };
		EA54A1161A6E0E6100322C42 /* FoundViewController.m */ = {isa = PBXFileReference; fileEncoding = 4; lastKnownFileType = sourcecode.c.objc; path = FoundViewController.m; sourceTree = "<group>"; };
		EA6500AC1A6F34630043C4F2 /* LoginItemInfo.h */ = {isa = PBXFileReference; fileEncoding = 4; lastKnownFileType = sourcecode.c.h; path = LoginItemInfo.h; sourceTree = "<group>"; };
		EA6500AD1A6F34630043C4F2 /* LoginItemInfo.m */ = {isa = PBXFileReference; fileEncoding = 4; lastKnownFileType = sourcecode.c.objc; path = LoginItemInfo.m; sourceTree = "<group>"; };
		EA83390D1A68B04200F3A9E9 /* abheg.app */ = {isa = PBXFileReference; explicitFileType = wrapper.application; includeInIndex = 0; path = abheg.app; sourceTree = BUILT_PRODUCTS_DIR; };
		EA8D74911A6E7CF9004C17C2 /* AppTableViewCellStyle1.h */ = {isa = PBXFileReference; fileEncoding = 4; lastKnownFileType = sourcecode.c.h; path = AppTableViewCellStyle1.h; sourceTree = "<group>"; };
		EA8D74921A6E7CF9004C17C2 /* AppTableViewCellStyle1.m */ = {isa = PBXFileReference; fileEncoding = 4; lastKnownFileType = sourcecode.c.objc; path = AppTableViewCellStyle1.m; sourceTree = "<group>"; };
		EA8D74971A6E9DC2004C17C2 /* AppTableViewCellStyle2.h */ = {isa = PBXFileReference; fileEncoding = 4; lastKnownFileType = sourcecode.c.h; path = AppTableViewCellStyle2.h; sourceTree = "<group>"; };
		EA8D74981A6E9DC2004C17C2 /* AppTableViewCellStyle2.m */ = {isa = PBXFileReference; fileEncoding = 4; lastKnownFileType = sourcecode.c.objc; path = AppTableViewCellStyle2.m; sourceTree = "<group>"; };
		EA8E8F4D1A68F07500FEA027 /* UIKit.framework */ = {isa = PBXFileReference; lastKnownFileType = wrapper.framework; name = UIKit.framework; path = System/Library/Frameworks/UIKit.framework; sourceTree = SDKROOT; };
		EA8E8F4F1A68F0E600FEA027 /* Foundation.framework */ = {isa = PBXFileReference; lastKnownFileType = wrapper.framework; name = Foundation.framework; path = System/Library/Frameworks/Foundation.framework; sourceTree = SDKROOT; };
		EA8E8F511A68F11000FEA027 /* CoreFoundation.framework */ = {isa = PBXFileReference; lastKnownFileType = wrapper.framework; name = CoreFoundation.framework; path = System/Library/Frameworks/CoreFoundation.framework; sourceTree = SDKROOT; };
		EA8E8F521A68F11000FEA027 /* CoreGraphics.framework */ = {isa = PBXFileReference; lastKnownFileType = wrapper.framework; name = CoreGraphics.framework; path = System/Library/Frameworks/CoreGraphics.framework; sourceTree = SDKROOT; };
		EA8E8F581A68F17100FEA027 /* OpenGLES.framework */ = {isa = PBXFileReference; lastKnownFileType = wrapper.framework; name = OpenGLES.framework; path = System/Library/Frameworks/OpenGLES.framework; sourceTree = SDKROOT; };
		EA8E8F5B1A68F23300FEA027 /* TencentOpenAPI.framework */ = {isa = PBXFileReference; lastKnownFileType = wrapper.framework; name = TencentOpenAPI.framework; path = Class/Third/Tencent/TencentOpenAPI.framework; sourceTree = "<group>"; };
		EA8E8F5E1A68F2C900FEA027 /* CoreTelephony.framework */ = {isa = PBXFileReference; lastKnownFileType = wrapper.framework; name = CoreTelephony.framework; path = System/Library/Frameworks/CoreTelephony.framework; sourceTree = SDKROOT; };
		EA8E8F611A68F31300FEA027 /* QuartzCore.framework */ = {isa = PBXFileReference; lastKnownFileType = wrapper.framework; name = QuartzCore.framework; path = System/Library/Frameworks/QuartzCore.framework; sourceTree = SDKROOT; };
		EA8E8F641A68F34600FEA027 /* SystemConfiguration.framework */ = {isa = PBXFileReference; lastKnownFileType = wrapper.framework; name = SystemConfiguration.framework; path = System/Library/Frameworks/SystemConfiguration.framework; sourceTree = SDKROOT; };
		EA8E8F671A68F45D00FEA027 /* CoreImage.framework */ = {isa = PBXFileReference; lastKnownFileType = wrapper.framework; name = CoreImage.framework; path = System/Library/Frameworks/CoreImage.framework; sourceTree = SDKROOT; };
		EA8E8F6A1A68F54400FEA027 /* libsqlite3.dylib */ = {isa = PBXFileReference; lastKnownFileType = "compiled.mach-o.dylib"; name = libsqlite3.dylib; path = usr/lib/libsqlite3.dylib; sourceTree = SDKROOT; };
		EA8E8F6C1A68F56000FEA027 /* libz.1.1.3.dylib */ = {isa = PBXFileReference; lastKnownFileType = "compiled.mach-o.dylib"; name = libz.1.1.3.dylib; path = usr/lib/libz.1.1.3.dylib; sourceTree = SDKROOT; };
		EA8E8F6E1A68F5E000FEA027 /* libstdc++.dylib */ = {isa = PBXFileReference; lastKnownFileType = "compiled.mach-o.dylib"; name = "libstdc++.dylib"; path = "usr/lib/libstdc++.dylib"; sourceTree = SDKROOT; };
		EA9486371A6DE09C003EE99B /* MainViewController.h */ = {isa = PBXFileReference; fileEncoding = 4; lastKnownFileType = sourcecode.c.h; path = MainViewController.h; sourceTree = "<group>"; };
		EA9486381A6DE09C003EE99B /* MainViewController.m */ = {isa = PBXFileReference; fileEncoding = 4; lastKnownFileType = sourcecode.c.objc; path = MainViewController.m; sourceTree = "<group>"; };
		EAA454431A70DEAF0057A770 /* OEZCommSDK.framework */ = {isa = PBXFileReference; lastKnownFileType = wrapper.framework; path = OEZCommSDK.framework; sourceTree = "<group>"; };
		EADD5B571A6F7A4700CA6633 /* NSString+NSStringCategory.h */ = {isa = PBXFileReference; fileEncoding = 4; lastKnownFileType = sourcecode.c.h; path = "NSString+NSStringCategory.h"; sourceTree = "<group>"; };
/* End PBXFileReference section */

/* Begin PBXFrameworksBuildPhase section */
		EA83390A1A68B04200F3A9E9 /* Frameworks */ = {
			isa = PBXFrameworksBuildPhase;
			buildActionMask = 2147483647;
			files = (
				EA8E8F6F1A68F5E000FEA027 /* libstdc++.dylib in Frameworks */,
				EA8E8F6D1A68F56000FEA027 /* libz.1.1.3.dylib in Frameworks */,
				EA8E8F6B1A68F54400FEA027 /* libsqlite3.dylib in Frameworks */,
				EA8E8F631A68F33800FEA027 /* QuartzCore.framework in Frameworks */,
				EA8E8F601A68F2EA00FEA027 /* CoreTelephony.framework in Frameworks */,
				EA8E8F5D1A68F25100FEA027 /* TencentOpenAPI.framework in Frameworks */,
				EA8E8F5A1A68F17E00FEA027 /* OpenGLES.framework in Frameworks */,
				EA8E8F661A68F34F00FEA027 /* SystemConfiguration.framework in Frameworks */,
				EA8E8F561A68F13300FEA027 /* CoreFoundation.framework in Frameworks */,
				EA8E8F571A68F13300FEA027 /* CoreGraphics.framework in Frameworks */,
				EA8E8F551A68F11800FEA027 /* Foundation.framework in Frameworks */,
				EA8E8F691A68F46800FEA027 /* CoreImage.framework in Frameworks */,
				EAA454441A70DEAF0057A770 /* OEZCommSDK.framework in Frameworks */,
				EA8E8F4E1A68F07500FEA027 /* UIKit.framework in Frameworks */,
				1AD641A9B657652F6B6DCAAB /* libWeChatSDK.a in Frameworks */,
				1AD6424E41815985501DAFD3 /* libWeiboSDK.a in Frameworks */,
			);
			runOnlyForDeploymentPostprocessing = 0;
		};
/* End PBXFrameworksBuildPhase section */

/* Begin PBXGroup section */
		1AD64012CED7FC5D229D02B8 /* TencentOpenApi_IOS_Bundle.bundle */ = {
			isa = PBXGroup;
			children = (
				1AD649A2F2D6D83B5DB8AB91 /* error.png */,
				1AD642E117F70E24DD88C3BD /* Info.plist */,
				1AD64755F74B126543E3297C /* local.html */,
				1AD64FDCA86FD9856133C0D9 /* qqicon.png */,
				1AD64EC338CEFF6147A40C44 /* success.png */,
			);
			path = TencentOpenApi_IOS_Bundle.bundle;
			sourceTree = "<group>";
		};
		1AD6419B88894392E235F765 /* Headers */ = {
			isa = PBXGroup;
			children = (
				1AD6482492CCDF431E3E73F8 /* QQApi.h */,
				1AD64222AABA8F74FD6A4B06 /* sdkdef.h */,
				1AD64B734EC6BB4C73EA65F2 /* WeiBoAPI.h */,
				1AD6457719B447546DFDBF31 /* WeiyunAPI.h */,
				1AD64BFFD81F6015240307A4 /* TencentOAuth.h */,
				1AD64BA0EAC25B5DE5518049 /* QQApiInterface.h */,
				1AD644987F2FAB7C23365EC3 /* TencentOAuthObject.h */,
				1AD6430F93A186116AD7355C /* TencentApiInterface.h */,
				1AD64542409348C62ED06463 /* QQApiInterfaceObject.h */,
				1AD64E4DA1F75B75C2D8692E /* TencentMessageObject.h */,
			);
			path = Headers;
			sourceTree = "<group>";
		};
		1AD641C296B4622C6E427B9F /* Resources */ = {
			isa = PBXGroup;
			children = (
				1AD6432947FE4430D644F23B /* Images.xcassets */,
				1AD64A45ECE7FF2A410D90BB /* Supporting Files */,
				1AD64AD2BB8D921FAF5D36C1 /* Layout */,
			);
			path = Resources;
			sourceTree = "<group>";
		};
		1AD64203B2F7226234808742 /* Main */ = {
			isa = PBXGroup;
			children = (
				EA9486371A6DE09C003EE99B /* MainViewController.h */,
				EA9486381A6DE09C003EE99B /* MainViewController.m */,
				EA54A1151A6E0E6100322C42 /* FoundViewController.h */,
				EA54A1161A6E0E6100322C42 /* FoundViewController.m */,
			);
			path = Main;
			sourceTree = "<group>";
		};
		1AD6423BCE5B69D4D865227B /* SharedHelper */ = {
			isa = PBXGroup;
			children = (
				1AD64811342BC7DCF625AF76 /* HelperProtocol.h */,
				1AD641DD2208878E496A9A4D /* HandleOpenURLHelper.m */,
				1AD647DF9B122EFEA68E6170 /* HandleOpenURLHelper.h */,
				1AD6408FC527AE4826BBFD19 /* UserHelper.m */,
				1AD648C331E9E9DEE2764A4D /* UserHelper.h */,
			);
			path = SharedHelper;
			sourceTree = "<group>";
		};
		1AD642444F343CF1D6EFBF04 /* TencentOpenAPI.framework */ = {
			isa = PBXGroup;
			children = (
				1AD6419B88894392E235F765 /* Headers */,
				1AD6476BA34901C6F5C8B7AB /* Resources */,
				1AD642C0A4FA8B5FB88F2722 /* TencentOpenAPI */,
			);
			path = TencentOpenAPI.framework;
			sourceTree = "<group>";
		};
		1AD64312167A9B94F9502A10 /* User */ = {
			isa = PBXGroup;
			children = (
				1AD64CAD5CD8F222AD40B6EB /* Login */,
			);
			path = User;
			sourceTree = "<group>";
		};
		1AD6431F4343F9E4FB9CA2CF /* Class */ = {
			isa = PBXGroup;
			children = (
				1AD6492B19568EF4CBFC4EA6 /* AppDelegate.m */,
				1AD64E4E9A3FC7858429AD99 /* AppDelegate.h */,
				1AD6437A050D67745B214ABC /* main.m */,
				1AD64A22A31483C3558E4E0E /* Third */,
				1AD6423BCE5B69D4D865227B /* SharedHelper */,
				1AD64203B2F7226234808742 /* Main */,
				1AD64312167A9B94F9502A10 /* User */,
				1AD64E767514ABADB117A29B /* Entity */,
				1AD647813E42C6C0F8BDFC97 /* abhegios-Prefix.pch */,
				CB6A21BA1A6FF2930087546F /* BookStore */,
				1AD647F0115B5FF608FC515B /* Comm */,
				1AD6490FE4B4EC9C6E85AB1A /* App */,
			);
			path = Class;
			sourceTree = "<group>";
		};
		1AD645DB90778183AB08ECFD /* WX */ = {
			isa = PBXGroup;
			children = (
				1AD64CF095795DD4A9A7E679 /* WXApi.h */,
				1AD64449F648BB6A56A09C54 /* WXApiObject.h */,
				1AD6400B313AC7FEE3D78518 /* libWeChatSDK.a */,
			);
			path = WX;
			sourceTree = "<group>";
		};
		1AD6476BA34901C6F5C8B7AB /* Resources */ = {
			isa = PBXGroup;
			children = (
			);
			path = Resources;
			sourceTree = "<group>";
		};
		1AD647F0115B5FF608FC515B /* Comm */ = {
			isa = PBXGroup;
			children = (
				EADD5B451A6F702600CA6633 /* Category */,
			);
			path = Comm;
			sourceTree = "<group>";
		};
		1AD6490FE4B4EC9C6E85AB1A /* App */ = {
			isa = PBXGroup;
			children = (
				EA13DDD21A6F8DF9004AB7E6 /* AppDetailsViewController.m */,
				EA13DDD31A6F8DF9004AB7E6 /* AppDetailsViewController.h */,
				1AD64937DADE448C8201DFCF /* AppViewController.m */,
				1AD6405047562177033B2A56 /* AppViewController.h */,
				EA8D74911A6E7CF9004C17C2 /* AppTableViewCellStyle1.h */,
				EA8D74921A6E7CF9004C17C2 /* AppTableViewCellStyle1.m */,
				EA8D74971A6E9DC2004C17C2 /* AppTableViewCellStyle2.h */,
				EA8D74981A6E9DC2004C17C2 /* AppTableViewCellStyle2.m */,
				EA13DDDD1A6FA0D0004AB7E6 /* AppTableViewCellStyle3.h */,
				EA13DDDE1A6FA0D0004AB7E6 /* AppTableViewCellStyle3.m */,
			);
			path = App;
			sourceTree = "<group>";
		};
		1AD6494C57C1C431706C77B5 /* User */ = {
			isa = PBXGroup;
			children = (
				1AD6467CD21BDFAB504D3527 /* ThirdLoginInfo.h */,
				1AD64A4A58510940FB83B455 /* ThirdLoginInfo.m */,
				1AD64906666AE7E8636FF430 /* User.m */,
				1AD6485A940C71B93C1841E6 /* User.h */,
				EA6500AC1A6F34630043C4F2 /* LoginItemInfo.h */,
				EA6500AD1A6F34630043C4F2 /* LoginItemInfo.m */,
			);
			path = User;
			sourceTree = "<group>";
		};
		1AD64A22A31483C3558E4E0E /* Third */ = {
			isa = PBXGroup;
			children = (
				EAA454421A70DEAF0057A770 /* OEZCommSDK */,
				1AD645DB90778183AB08ECFD /* WX */,
				1AD64D3A87E20CDBFABB3C6F /* Tencent */,
				1AD64B84392924A52AE6FE1B /* libWeiboSDK */,
			);
			path = Third;
			sourceTree = "<group>";
		};
		1AD64A45ECE7FF2A410D90BB /* Supporting Files */ = {
			isa = PBXGroup;
			children = (
				EA13DDD51A6F8E5D004AB7E6 /* appdetailspage_test.json */,
				EA3D07741A6CD89200189765 /* uilogindata.plist */,
				1AD64688EC1876C19A332D96 /* Info.plist */,
				1AD6442C1D90169FA2631B1E /* uifounddata.plist */,
				1AD646EFABD27B8535BB7F1C /* appstorehome.plist */,
				1AD64849042CDCBD5AF28B41 /* appstorehome_test.json */,
				CB6A21CB1A6FFCC20087546F /* bookstorehome_test.json */,
				CB6A21CD1A7007970087546F /* bookstorehome.plist */,
			);
			name = "Supporting Files";
			path = abhegios;
			sourceTree = SOURCE_ROOT;
		};
		1AD64A6B49ADE51E835BF731 /* Found */ = {
			isa = PBXGroup;
			children = (
				1AD646601B30C099C2E3B36C /* FoundItemInfo.h */,
				1AD64BD02B289E09F1CFB1ED /* FoundItemInfo.m */,
			);
			path = Found;
			sourceTree = "<group>";
		};
		1AD64A771B77170782A88465 /* Framework */ = {
			isa = PBXGroup;
			children = (
				EA8E8F6E1A68F5E000FEA027 /* libstdc++.dylib */,
				EA8E8F6C1A68F56000FEA027 /* libz.1.1.3.dylib */,
				EA8E8F6A1A68F54400FEA027 /* libsqlite3.dylib */,
				EA8E8F671A68F45D00FEA027 /* CoreImage.framework */,
				EA8E8F641A68F34600FEA027 /* SystemConfiguration.framework */,
				EA8E8F611A68F31300FEA027 /* QuartzCore.framework */,
				EA8E8F5E1A68F2C900FEA027 /* CoreTelephony.framework */,
				EA8E8F5B1A68F23300FEA027 /* TencentOpenAPI.framework */,
				EA8E8F581A68F17100FEA027 /* OpenGLES.framework */,
				EA8E8F511A68F11000FEA027 /* CoreFoundation.framework */,
				EA8E8F521A68F11000FEA027 /* CoreGraphics.framework */,
				EA8E8F4F1A68F0E600FEA027 /* Foundation.framework */,
				EA8E8F4D1A68F07500FEA027 /* UIKit.framework */,
			);
			name = Framework;
			sourceTree = "<group>";
		};
		1AD64AD2BB8D921FAF5D36C1 /* Layout */ = {
			isa = PBXGroup;
			children = (
				1AD64B4D5E1BC035B41C15E2 /* Main.storyboard */,
				1AD644FB93BF0B06901FCD5E /* LaunchScreen.xib */,
			);
			path = Layout;
			sourceTree = "<group>";
		};
		1AD64B84392924A52AE6FE1B /* libWeiboSDK */ = {
			isa = PBXGroup;
			children = (
				EA3D07781A6CDA2000189765 /* WeiboSDK.bundle */,
				1AD64E8024E42C94BF567A4E /* WeiboSDK.h */,
				1AD64CC1D3FCEB41E30B3D46 /* libWeiboSDK.a */,
			);
			path = libWeiboSDK;
			sourceTree = "<group>";
		};
		1AD64C16765A173319FC3054 /* App */ = {
			isa = PBXGroup;
			children = (
				EA13DDCF1A6F8D3A004AB7E6 /* AppDetailsInfo.m */,
				EA13DDD01A6F8D3A004AB7E6 /* AppDetailsInfo.h */,
				1AD6477EB2BCEFB8D0A0B92E /* AppStoreHome.h */,
				1AD6477F61BA0655FCC24CBD /* AppInfoGroup.m */,
				1AD64A4EF1E9A486E508A25A /* AppInfo.h */,
				1AD64A5F0046E17B443BDAFB /* AppStoreHome.m */,
				1AD64A85039C51E682F19BA9 /* AppInfo.m */,
				1AD6416E67F1CB405BA07E24 /* AppInfoGroup.h */,
			);
			path = App;
			sourceTree = "<group>";
		};
		1AD64CAD5CD8F222AD40B6EB /* Login */ = {
			isa = PBXGroup;
			children = (
				EA3D076E1A6CD88A00189765 /* LoginTableViewCell.h */,
				EA3D076F1A6CD88A00189765 /* LoginTableViewCell.m */,
				EA3D07701A6CD88A00189765 /* LoginViewController.h */,
				EA3D07711A6CD88A00189765 /* LoginViewController.m */,
				1AD64D36FCBA289B16C1A832 /* ILogin.m */,
				1AD645258726FA3EC5005605 /* ILogin.h */,
				1AD646C9517398D2CE12BFE0 /* QQLogin.m */,
				1AD64C0BB094B03E4664C418 /* QQLogin.h */,
				1AD64BA5F04C0E11205B12FF /* WXLogin.m */,
				1AD640F884FE1B88F0A9CA5F /* WXLogin.h */,
				1AD64ADF6021C604900147BF /* WBLogin.m */,
				1AD64C19994BC814CEF48214 /* WBLogin.h */,
			);
			path = Login;
			sourceTree = "<group>";
		};
		1AD64D3A87E20CDBFABB3C6F /* Tencent */ = {
			isa = PBXGroup;
			children = (
				1AD642444F343CF1D6EFBF04 /* TencentOpenAPI.framework */,
				1AD64012CED7FC5D229D02B8 /* TencentOpenApi_IOS_Bundle.bundle */,
			);
			path = Tencent;
			sourceTree = "<group>";
		};
		1AD64E767514ABADB117A29B /* Entity */ = {
			isa = PBXGroup;
			children = (
				CB6A21C11A6FFA110087546F /* Book */,
				1AD6494C57C1C431706C77B5 /* User */,
				1AD64C16765A173319FC3054 /* App */,
				1AD64A6B49ADE51E835BF731 /* Found */,
			);
			path = Entity;
			sourceTree = "<group>";
		};
		CB6A21BA1A6FF2930087546F /* BookStore */ = {
			isa = PBXGroup;
			children = (
				CB6A21BB1A6FF2AA0087546F /* BookStoreViewController.h */,
				CB6A21BC1A6FF2AA0087546F /* BookStoreViewController.m */,
				CB6A21BE1A6FF5600087546F /* BookStoreTableViewCellStyle1.h */,
				CB6A21BF1A6FF5600087546F /* BookStoreTableViewCellStyle1.m */,
				CB6A21CF1A711CD50087546F /* BookStoreTableViewCellStyle2.h */,
				CB6A21D01A711CD50087546F /* BookStoreTableViewCellStyle2.m */,
				CB6A21D21A711CEC0087546F /* BookStoreTableViewCellStyle3.h */,
				CB6A21D31A711CEC0087546F /* BookStoreTableViewCellStyle3.m */,
			);
			path = BookStore;
			sourceTree = "<group>";
		};
		CB6A21C11A6FFA110087546F /* Book */ = {
			isa = PBXGroup;
			children = (
				CB6A21C21A6FFA4E0087546F /* BookStoreHome.h */,
				CB6A21C31A6FFA4E0087546F /* BookStoreHome.m */,
				CB6A21C51A6FFA680087546F /* BookInfoGroup.h */,
				CB6A21C61A6FFA680087546F /* BookInfoGroup.m */,
				CB6A21C81A6FFAEF0087546F /* BookInfo.h */,
				CB6A21C91A6FFAEF0087546F /* BookInfo.m */,
			);
			path = Book;
			sourceTree = "<group>";
		};
		EA8339041A68B04200F3A9E9 = {
			isa = PBXGroup;
			children = (
				EA83390F1A68B04200F3A9E9 /* abhegios */,
				EA83390E1A68B04200F3A9E9 /* Products */,
			);
			sourceTree = "<group>";
		};
		EA83390E1A68B04200F3A9E9 /* Products */ = {
			isa = PBXGroup;
			children = (
				EA83390D1A68B04200F3A9E9 /* abheg.app */,
			);
			name = Products;
			sourceTree = "<group>";
		};
		EA83390F1A68B04200F3A9E9 /* abhegios */ = {
			isa = PBXGroup;
			children = (
				1AD6431F4343F9E4FB9CA2CF /* Class */,
				1AD641C296B4622C6E427B9F /* Resources */,
				1AD64A771B77170782A88465 /* Framework */,
			);
			path = abhegios;
			sourceTree = "<group>";
		};
		EAA454421A70DEAF0057A770 /* OEZCommSDK */ = {
			isa = PBXGroup;
			children = (
				EAA454431A70DEAF0057A770 /* OEZCommSDK.framework */,
			);
			path = OEZCommSDK;
			sourceTree = "<group>";
		};
		EADD5B451A6F702600CA6633 /* Category */ = {
			isa = PBXGroup;
			children = (
				EA13DDCD1A6F8A35004AB7E6 /* NSString+NSStringCategory.m */,
				EADD5B571A6F7A4700CA6633 /* NSString+NSStringCategory.h */,
				EA13DDDA1A6F961E004AB7E6 /* MyNavigationViewController.h */,
				EA13DDDB1A6F961E004AB7E6 /* MyNavigationViewController.m */,
			);
			path = Category;
			sourceTree = "<group>";
		};
/* End PBXGroup section */

/* Begin PBXNativeTarget section */
		EA83390C1A68B04200F3A9E9 /* abheg */ = {
			isa = PBXNativeTarget;
			buildConfigurationList = EA8339331A68B04200F3A9E9 /* Build configuration list for PBXNativeTarget "abheg" */;
			buildPhases = (
				EA8339091A68B04200F3A9E9 /* Sources */,
				EA83390A1A68B04200F3A9E9 /* Frameworks */,
				EA83390B1A68B04200F3A9E9 /* Resources */,
			);
			buildRules = (
			);
			dependencies = (
			);
			name = abheg;
			productName = abhegios;
			productReference = EA83390D1A68B04200F3A9E9 /* abheg.app */;
			productType = "com.apple.product-type.application";
		};
/* End PBXNativeTarget section */

/* Begin PBXProject section */
		EA8339051A68B04200F3A9E9 /* Project object */ = {
			isa = PBXProject;
			attributes = {
				CLASSPREFIX = "";
				LastUpgradeCheck = 0610;
				ORGANIZATIONNAME = 180;
				TargetAttributes = {
					EA83390C1A68B04200F3A9E9 = {
						CreatedOnToolsVersion = 6.1;
					};
				};
			};
			buildConfigurationList = EA8339081A68B04200F3A9E9 /* Build configuration list for PBXProject "abhegios" */;
			compatibilityVersion = "Xcode 3.2";
			developmentRegion = English;
			hasScannedForEncodings = 0;
			knownRegions = (
				en,
				Base,
			);
			mainGroup = EA8339041A68B04200F3A9E9;
			productRefGroup = EA83390E1A68B04200F3A9E9 /* Products */;
			projectDirPath = "";
			projectRoot = "";
			targets = (
				EA83390C1A68B04200F3A9E9 /* abheg */,
			);
		};
/* End PBXProject section */

/* Begin PBXResourcesBuildPhase section */
		EA83390B1A68B04200F3A9E9 /* Resources */ = {
			isa = PBXResourcesBuildPhase;
			buildActionMask = 2147483647;
			files = (
				EA6049501A6E492500FBA10F /* appstorehome_test.json in Resources */,
				EA3D07761A6CD9A600189765 /* Main.storyboard in Resources */,
				EA3D07771A6CD9A600189765 /* LaunchScreen.xib in Resources */,
				EA13DDD61A6F8E5D004AB7E6 /* appdetailspage_test.json in Resources */,
				1AD6460C6803B48F071D6E89 /* Images.xcassets in Resources */,
				1AD6407932CF4CF9417DEF43 /* Info.plist in Resources */,
				CB6A21CC1A6FFCC20087546F /* bookstorehome_test.json in Resources */,
				1AD64850016A35AAE41E0C11 /* TencentOpenAPI in Resources */,
				1AD64049F3F7AA6F294AAE32 /* error.png in Resources */,
				1AD64077DE8389AC54925C71 /* Info.plist in Resources */,
				1AD6466F8E60BA95319C4EF1 /* local.html in Resources */,
				1AD6444BCD81D3E62537781A /* qqicon.png in Resources */,
				EA3D07751A6CD89200189765 /* uilogindata.plist in Resources */,
				1AD6470ECF340D8FC98FD7FD /* success.png in Resources */,
				CB6A21CE1A7007970087546F /* bookstorehome.plist in Resources */,
				EA3D07791A6CDA2000189765 /* WeiboSDK.bundle in Resources */,
				1AD64CFE026B051E8189BAD5 /* uifounddata.plist in Resources */,
				1AD642F6A5749FB0E91F1A4E /* appstorehome.plist in Resources */,
			);
			runOnlyForDeploymentPostprocessing = 0;
		};
/* End PBXResourcesBuildPhase section */

/* Begin PBXSourcesBuildPhase section */
		EA8339091A68B04200F3A9E9 /* Sources */ = {
			isa = PBXSourcesBuildPhase;
			buildActionMask = 2147483647;
			files = (
				EA6500AE1A6F34630043C4F2 /* LoginItemInfo.m in Sources */,
				1AD64804C9FA33B5797A36AC /* AppDelegate.m in Sources */,
				1AD641D66B96305DB64E42F7 /* main.m in Sources */,
				1AD64A7E02E7FE36F6F1B45D /* HandleOpenURLHelper.m in Sources */,
				CB6A21C71A6FFA680087546F /* BookInfoGroup.m in Sources */,
				EA13DDD11A6F8D3A004AB7E6 /* AppDetailsInfo.m in Sources */,
				1AD6455F3CEB60EEE78C0C77 /* UserHelper.m in Sources */,
				1AD649CD0AF8969FFF4B9641 /* ILogin.m in Sources */,
				CB6A21D41A711CEC0087546F /* BookStoreTableViewCellStyle3.m in Sources */,
				CB6A21BD1A6FF2AA0087546F /* BookStoreViewController.m in Sources */,
				EA9486391A6DE09C003EE99B /* MainViewController.m in Sources */,
				CB6A21CA1A6FFAEF0087546F /* BookInfo.m in Sources */,
				EA13DDDC1A6F961E004AB7E6 /* MyNavigationViewController.m in Sources */,
				CB6A21C41A6FFA4E0087546F /* BookStoreHome.m in Sources */,
				EA13DDCE1A6F8A35004AB7E6 /* NSString+NSStringCategory.m in Sources */,
				1AD64903B17F5D12DC09D1BB /* ThirdLoginInfo.m in Sources */,
				EA3D07731A6CD88A00189765 /* LoginViewController.m in Sources */,
				EA13DDDF1A6FA0D0004AB7E6 /* AppTableViewCellStyle3.m in Sources */,
				EA8D74991A6E9DC2004C17C2 /* AppTableViewCellStyle2.m in Sources */,
				EA8D74931A6E7CF9004C17C2 /* AppTableViewCellStyle1.m in Sources */,
				1AD64565F18F3ED26CC48D25 /* User.m in Sources */,
				EA3D07721A6CD88A00189765 /* LoginTableViewCell.m in Sources */,
				EA54A1171A6E0E6100322C42 /* FoundViewController.m in Sources */,
				CB6A21C01A6FF5600087546F /* BookStoreTableViewCellStyle1.m in Sources */,
				1AD64625B4F594E287714029 /* QQLogin.m in Sources */,
				EA13DDD41A6F8DF9004AB7E6 /* AppDetailsViewController.m in Sources */,
				1AD6419EC3E465BEDDED654B /* WXLogin.m in Sources */,
				1AD64DA54158CF05FAE8F2A6 /* WBLogin.m in Sources */,
				1AD64D9C70E0A1325B3F2A09 /* AppViewController.m in Sources */,
				1AD648B3BA85A32392AD7DD7 /* appstorehome_test.json in Sources */,
				1AD6499081D9DEF2C11C321E /* AppInfoGroup.m in Sources */,
				1AD64E1713AD0CE098E0019C /* AppStoreHome.m in Sources */,
				CB6A21D11A711CD50087546F /* BookStoreTableViewCellStyle2.m in Sources */,
				1AD64F3A04AFCBB948106908 /* AppInfo.m in Sources */,
				1AD645A28AA3934B882BD885 /* FoundItemInfo.m in Sources */,
			);
			runOnlyForDeploymentPostprocessing = 0;
		};
/* End PBXSourcesBuildPhase section */

/* Begin PBXVariantGroup section */
		1AD644FB93BF0B06901FCD5E /* LaunchScreen.xib */ = {
			isa = PBXVariantGroup;
			children = (
				1AD641EE7503CA0E22DE8D2A /* Base */,
			);
			name = LaunchScreen.xib;
			sourceTree = "<group>";
		};
		1AD64B4D5E1BC035B41C15E2 /* Main.storyboard */ = {
			isa = PBXVariantGroup;
			children = (
				1AD64E2EBB91352776CFA0DF /* Base */,
			);
			name = Main.storyboard;
			sourceTree = "<group>";
		};
/* End PBXVariantGroup section */

/* Begin XCBuildConfiguration section */
		EA8339311A68B04200F3A9E9 /* Debug */ = {
			isa = XCBuildConfiguration;
			buildSettings = {
				ALWAYS_SEARCH_USER_PATHS = NO;
				CLANG_CXX_LANGUAGE_STANDARD = "gnu++0x";
				CLANG_CXX_LIBRARY = "libc++";
				CLANG_ENABLE_MODULES = YES;
				CLANG_ENABLE_OBJC_ARC = YES;
				CLANG_WARN_BOOL_CONVERSION = YES;
				CLANG_WARN_CONSTANT_CONVERSION = YES;
				CLANG_WARN_DIRECT_OBJC_ISA_USAGE = YES_ERROR;
				CLANG_WARN_EMPTY_BODY = YES;
				CLANG_WARN_ENUM_CONVERSION = YES;
				CLANG_WARN_INT_CONVERSION = YES;
				CLANG_WARN_OBJC_ROOT_CLASS = YES_ERROR;
				CLANG_WARN_UNREACHABLE_CODE = YES;
				CLANG_WARN__DUPLICATE_METHOD_MATCH = YES;
				"CODE_SIGN_IDENTITY[sdk=iphoneos*]" = "iPhone Developer";
				COPY_PHASE_STRIP = NO;
				ENABLE_STRICT_OBJC_MSGSEND = YES;
				GCC_C_LANGUAGE_STANDARD = gnu99;
				GCC_DYNAMIC_NO_PIC = NO;
				GCC_OPTIMIZATION_LEVEL = 0;
				GCC_PREPROCESSOR_DEFINITIONS = (
					"DEBUG=1",
					"$(inherited)",
				);
				GCC_SYMBOLS_PRIVATE_EXTERN = NO;
				GCC_WARN_64_TO_32_BIT_CONVERSION = YES;
				GCC_WARN_ABOUT_RETURN_TYPE = YES_ERROR;
				GCC_WARN_UNDECLARED_SELECTOR = YES;
				GCC_WARN_UNINITIALIZED_AUTOS = YES_AGGRESSIVE;
				GCC_WARN_UNUSED_FUNCTION = YES;
				GCC_WARN_UNUSED_VARIABLE = YES;
				IPHONEOS_DEPLOYMENT_TARGET = 8.1;
				MTL_ENABLE_DEBUG_INFO = YES;
				ONLY_ACTIVE_ARCH = YES;
				SDKROOT = iphoneos8.1;
			};
			name = Debug;
		};
		EA8339321A68B04200F3A9E9 /* Release */ = {
			isa = XCBuildConfiguration;
			buildSettings = {
				ALWAYS_SEARCH_USER_PATHS = NO;
				CLANG_CXX_LANGUAGE_STANDARD = "gnu++0x";
				CLANG_CXX_LIBRARY = "libc++";
				CLANG_ENABLE_MODULES = YES;
				CLANG_ENABLE_OBJC_ARC = YES;
				CLANG_WARN_BOOL_CONVERSION = YES;
				CLANG_WARN_CONSTANT_CONVERSION = YES;
				CLANG_WARN_DIRECT_OBJC_ISA_USAGE = YES_ERROR;
				CLANG_WARN_EMPTY_BODY = YES;
				CLANG_WARN_ENUM_CONVERSION = YES;
				CLANG_WARN_INT_CONVERSION = YES;
				CLANG_WARN_OBJC_ROOT_CLASS = YES_ERROR;
				CLANG_WARN_UNREACHABLE_CODE = YES;
				CLANG_WARN__DUPLICATE_METHOD_MATCH = YES;
				"CODE_SIGN_IDENTITY[sdk=iphoneos*]" = "iPhone Developer";
				COPY_PHASE_STRIP = YES;
				ENABLE_NS_ASSERTIONS = NO;
				ENABLE_STRICT_OBJC_MSGSEND = YES;
				GCC_C_LANGUAGE_STANDARD = gnu99;
				GCC_WARN_64_TO_32_BIT_CONVERSION = YES;
				GCC_WARN_ABOUT_RETURN_TYPE = YES_ERROR;
				GCC_WARN_UNDECLARED_SELECTOR = YES;
				GCC_WARN_UNINITIALIZED_AUTOS = YES_AGGRESSIVE;
				GCC_WARN_UNUSED_FUNCTION = YES;
				GCC_WARN_UNUSED_VARIABLE = YES;
				IPHONEOS_DEPLOYMENT_TARGET = 8.1;
				MTL_ENABLE_DEBUG_INFO = NO;
				SDKROOT = iphoneos8.1;
				VALIDATE_PRODUCT = YES;
			};
			name = Release;
		};
		EA8339341A68B04200F3A9E9 /* Debug */ = {
			isa = XCBuildConfiguration;
			buildSettings = {
				ASSETCATALOG_COMPILER_APPICON_NAME = AppIcon;
				FRAMEWORK_SEARCH_PATHS = (
					"$(inherited)",
					"$(PROJECT_DIR)/abhegios/Class/Third/Tencent",
					"$(PROJECT_DIR)/abhegios/Class/Third/OEZOEZCommSDK",
					"$(PROJECT_DIR)/abhegios/Class/Third/OEZCommSDK",
				);
				GCC_PRECOMPILE_PREFIX_HEADER = YES;
				GCC_PREFIX_HEADER = "abhegios/Class/abhegios-Prefix.pch";
				INFOPLIST_FILE = "$(SRCROOT)/abhegios/Resources/Info.plist";
				IPHONEOS_DEPLOYMENT_TARGET = 7.0;
				LD_RUNPATH_SEARCH_PATHS = "$(inherited) @executable_path/Frameworks";
				LIBRARY_SEARCH_PATHS = (
					"\"${PROJECT_DIR}/abhegios/Class/Third/WX\"/**",
					"\"${PROJECT_DIR}/abhegios/Class/Third/WX\"/**",
					"\"${PROJECT_DIR}/abhegios/Class/Third/libWeiboSDK\"/**",
					"\"${PROJECT_DIR}/abhegios/Class/Third/libWeiboSDK\"/**",
				);
				OTHER_LDFLAGS = "-fobjc-arc";
				PRODUCT_NAME = "$(TARGET_NAME)";
			};
			name = Debug;
		};
		EA8339351A68B04200F3A9E9 /* Release */ = {
			isa = XCBuildConfiguration;
			buildSettings = {
				ASSETCATALOG_COMPILER_APPICON_NAME = AppIcon;
				FRAMEWORK_SEARCH_PATHS = (
					"$(inherited)",
					"$(PROJECT_DIR)/abhegios/Class/Third/Tencent",
					"$(PROJECT_DIR)/abhegios/Class/Third/OEZSDK",
					/Volumes/Public/project/OEZSDK/Products,
					"$(PROJECT_DIR)/abhegios/Class/Third/OEZOEZCommSDK",
					"$(PROJECT_DIR)/abhegios/Class/Third/OEZCommSDK",
				);
				GCC_PRECOMPILE_PREFIX_HEADER = YES;
				GCC_PREFIX_HEADER = "abhegios/Class/abhegios-Prefix.pch";
				INFOPLIST_FILE = "$(SRCROOT)/abhegios/Resources/Info.plist";
				IPHONEOS_DEPLOYMENT_TARGET = 7.0;
				LD_RUNPATH_SEARCH_PATHS = "$(inherited) @executable_path/Frameworks";
				LIBRARY_SEARCH_PATHS = (
					"\"${PROJECT_DIR}/abhegios/Class/Third/WX\"/**",
					"\"${PROJECT_DIR}/abhegios/Class/Third/WX\"/**",
					"\"${PROJECT_DIR}/abhegios/Class/Third/libWeiboSDK\"/**",
					"\"${PROJECT_DIR}/abhegios/Class/Third/libWeiboSDK\"/**",
				);
				OTHER_LDFLAGS = "-fobjc-arc";
				PRODUCT_NAME = "$(TARGET_NAME)";
			};
			name = Release;
		};
/* End XCBuildConfiguration section */

/* Begin XCConfigurationList section */
		EA8339081A68B04200F3A9E9 /* Build configuration list for PBXProject "abhegios" */ = {
			isa = XCConfigurationList;
			buildConfigurations = (
				EA8339311A68B04200F3A9E9 /* Debug */,
				EA8339321A68B04200F3A9E9 /* Release */,
			);
			defaultConfigurationIsVisible = 0;
			defaultConfigurationName = Release;
		};
		EA8339331A68B04200F3A9E9 /* Build configuration list for PBXNativeTarget "abheg" */ = {
			isa = XCConfigurationList;
			buildConfigurations = (
				EA8339341A68B04200F3A9E9 /* Debug */,
				EA8339351A68B04200F3A9E9 /* Release */,
			);
			defaultConfigurationIsVisible = 0;
			defaultConfigurationName = Release;
		};
/* End XCConfigurationList section */
	};
	rootObject = EA8339051A68B04200F3A9E9 /* Project object */;
}
