// !$*UTF8*$!
{
	archiveVersion = 1;
	classes = {
	};
	objectVersion = 46;
	objects = {

/* Begin PBXBuildFile section */
		EA8339131A68B04200F3A9E9 /* main.m in Sources */ = {isa = PBXBuildFile; fileRef = EA8339121A68B04200F3A9E9 /* main.m */; };
		EA8339161A68B04200F3A9E9 /* AppDelegate.m in Sources */ = {isa = PBXBuildFile; fileRef = EA8339151A68B04200F3A9E9 /* AppDelegate.m */; };
		EA8339191A68B04200F3A9E9 /* FirstViewController.m in Sources */ = {isa = PBXBuildFile; fileRef = EA8339181A68B04200F3A9E9 /* FirstViewController.m */; };
		EA83391C1A68B04200F3A9E9 /* SecondViewController.m in Sources */ = {isa = PBXBuildFile; fileRef = EA83391B1A68B04200F3A9E9 /* SecondViewController.m */; };
		EA83391F1A68B04200F3A9E9 /* Main.storyboard in Resources */ = {isa = PBXBuildFile; fileRef = EA83391D1A68B04200F3A9E9 /* Main.storyboard */; };
		EA8339211A68B04200F3A9E9 /* Images.xcassets in Resources */ = {isa = PBXBuildFile; fileRef = EA8339201A68B04200F3A9E9 /* Images.xcassets */; };
		EA8339241A68B04200F3A9E9 /* LaunchScreen.xib in Resources */ = {isa = PBXBuildFile; fileRef = EA8339221A68B04200F3A9E9 /* LaunchScreen.xib */; };
/* End PBXBuildFile section */

/* Begin PBXFileReference section */
		EA83390D1A68B04200F3A9E9 /* abhegios.app */ = {isa = PBXFileReference; explicitFileType = wrapper.application; includeInIndex = 0; path = abhegios.app; sourceTree = BUILT_PRODUCTS_DIR; };
		EA8339111A68B04200F3A9E9 /* Info.plist */ = {isa = PBXFileReference; lastKnownFileType = text.plist.xml; path = Info.plist; sourceTree = "<group>"; };
		EA8339121A68B04200F3A9E9 /* main.m */ = {isa = PBXFileReference; lastKnownFileType = sourcecode.c.objc; path = main.m; sourceTree = "<group>"; };
		EA8339141A68B04200F3A9E9 /* AppDelegate.h */ = {isa = PBXFileReference; lastKnownFileType = sourcecode.c.h; path = AppDelegate.h; sourceTree = "<group>"; };
		EA8339151A68B04200F3A9E9 /* AppDelegate.m */ = {isa = PBXFileReference; lastKnownFileType = sourcecode.c.objc; path = AppDelegate.m; sourceTree = "<group>"; };
		EA8339171A68B04200F3A9E9 /* FirstViewController.h */ = {isa = PBXFileReference; lastKnownFileType = sourcecode.c.h; path = FirstViewController.h; sourceTree = "<group>"; };
		EA8339181A68B04200F3A9E9 /* FirstViewController.m */ = {isa = PBXFileReference; lastKnownFileType = sourcecode.c.objc; path = FirstViewController.m; sourceTree = "<group>"; };
		EA83391A1A68B04200F3A9E9 /* SecondViewController.h */ = {isa = PBXFileReference; lastKnownFileType = sourcecode.c.h; path = SecondViewController.h; sourceTree = "<group>"; };
		EA83391B1A68B04200F3A9E9 /* SecondViewController.m */ = {isa = PBXFileReference; lastKnownFileType = sourcecode.c.objc; path = SecondViewController.m; sourceTree = "<group>"; };
		EA83391E1A68B04200F3A9E9 /* Base */ = {isa = PBXFileReference; lastKnownFileType = file.storyboard; name = Base; path = Base.lproj/Main.storyboard; sourceTree = "<group>"; };
		EA8339201A68B04200F3A9E9 /* Images.xcassets */ = {isa = PBXFileReference; lastKnownFileType = folder.assetcatalog; path = Images.xcassets; sourceTree = "<group>"; };
		EA8339231A68B04200F3A9E9 /* Base */ = {isa = PBXFileReference; lastKnownFileType = file.xib; name = Base; path = Base.lproj/LaunchScreen.xib; sourceTree = "<group>"; };
/* End PBXFileReference section */

/* Begin PBXFrameworksBuildPhase section */
		EA83390A1A68B04200F3A9E9 /* Frameworks */ = {
			isa = PBXFrameworksBuildPhase;
			buildActionMask = 2147483647;
			files = (
			);
			runOnlyForDeploymentPostprocessing = 0;
		};
/* End PBXFrameworksBuildPhase section */

/* Begin PBXGroup section */
		EA8339041A68B04200F3A9E9 = {
			isa = PBXGroup;
			children = (
				EA83390F1A68B04200F3A9E9 /* abhegios */,
				EA83390E1A68B04200F3A9E9 /* Products */,
			);
			sourceTree = "<group>";
		};
		EA83390E1A68B04200F3A9E9 /* Products */ = {
			isa = PBXGroup;
			children = (
				EA83390D1A68B04200F3A9E9 /* abhegios.app */,
			);
			name = Products;
			sourceTree = "<group>";
		};
		EA83390F1A68B04200F3A9E9 /* abhegios */ = {
			isa = PBXGroup;
			children = (
				EA8339141A68B04200F3A9E9 /* AppDelegate.h */,
				EA8339151A68B04200F3A9E9 /* AppDelegate.m */,
				EA8339171A68B04200F3A9E9 /* FirstViewController.h */,
				EA8339181A68B04200F3A9E9 /* FirstViewController.m */,
				EA83391A1A68B04200F3A9E9 /* SecondViewController.h */,
				EA83391B1A68B04200F3A9E9 /* SecondViewController.m */,
				EA83391D1A68B04200F3A9E9 /* Main.storyboard */,
				EA8339201A68B04200F3A9E9 /* Images.xcassets */,
				EA8339221A68B04200F3A9E9 /* LaunchScreen.xib */,
				EA8339101A68B04200F3A9E9 /* Supporting Files */,
			);
			path = abhegios;
			sourceTree = "<group>";
		};
		EA8339101A68B04200F3A9E9 /* Supporting Files */ = {
			isa = PBXGroup;
			children = (
				EA8339111A68B04200F3A9E9 /* Info.plist */,
				EA8339121A68B04200F3A9E9 /* main.m */,
			);
			name = "Supporting Files";
			sourceTree = "<group>";
		};
/* End PBXGroup section */

/* Begin PBXNativeTarget section */
		EA83390C1A68B04200F3A9E9 /* abhegios */ = {
			isa = PBXNativeTarget;
			buildConfigurationList = EA8339331A68B04200F3A9E9 /* Build configuration list for PBXNativeTarget "abhegios" */;
			buildPhases = (
				EA8339091A68B04200F3A9E9 /* Sources */,
				EA83390A1A68B04200F3A9E9 /* Frameworks */,
				EA83390B1A68B04200F3A9E9 /* Resources */,
			);
			buildRules = (
			);
			dependencies = (
			);
			name = abhegios;
			productName = abhegios;
			productReference = EA83390D1A68B04200F3A9E9 /* abhegios.app */;
			productType = "com.apple.product-type.application";
		};
/* End PBXNativeTarget section */

/* Begin PBXProject section */
		EA8339051A68B04200F3A9E9 /* Project object */ = {
			isa = PBXProject;
			attributes = {
				LastUpgradeCheck = 0610;
				ORGANIZATIONNAME = 180;
				TargetAttributes = {
					EA83390C1A68B04200F3A9E9 = {
						CreatedOnToolsVersion = 6.1;
					};
				};
			};
			buildConfigurationList = EA8339081A68B04200F3A9E9 /* Build configuration list for PBXProject "abhegios" */;
			compatibilityVersion = "Xcode 3.2";
			developmentRegion = English;
			hasScannedForEncodings = 0;
			knownRegions = (
				en,
				Base,
			);
			mainGroup = EA8339041A68B04200F3A9E9;
			productRefGroup = EA83390E1A68B04200F3A9E9 /* Products */;
			projectDirPath = "";
			projectRoot = "";
			targets = (
				EA83390C1A68B04200F3A9E9 /* abhegios */,
			);
		};
/* End PBXProject section */

/* Begin PBXResourcesBuildPhase section */
		EA83390B1A68B04200F3A9E9 /* Resources */ = {
			isa = PBXResourcesBuildPhase;
			buildActionMask = 2147483647;
			files = (
				EA83391F1A68B04200F3A9E9 /* Main.storyboard in Resources */,
				EA8339241A68B04200F3A9E9 /* LaunchScreen.xib in Resources */,
				EA8339211A68B04200F3A9E9 /* Images.xcassets in Resources */,
			);
			runOnlyForDeploymentPostprocessing = 0;
		};
/* End PBXResourcesBuildPhase section */

/* Begin PBXSourcesBuildPhase section */
		EA8339091A68B04200F3A9E9 /* Sources */ = {
			isa = PBXSourcesBuildPhase;
			buildActionMask = 2147483647;
			files = (
				EA83391C1A68B04200F3A9E9 /* SecondViewController.m in Sources */,
				EA8339161A68B04200F3A9E9 /* AppDelegate.m in Sources */,
				EA8339191A68B04200F3A9E9 /* FirstViewController.m in Sources */,
				EA8339131A68B04200F3A9E9 /* main.m in Sources */,
			);
			runOnlyForDeploymentPostprocessing = 0;
		};
/* End PBXSourcesBuildPhase section */

/* Begin PBXVariantGroup section */
		EA83391D1A68B04200F3A9E9 /* Main.storyboard */ = {
			isa = PBXVariantGroup;
			children = (
				EA83391E1A68B04200F3A9E9 /* Base */,
			);
			name = Main.storyboard;
			sourceTree = "<group>";
		};
		EA8339221A68B04200F3A9E9 /* LaunchScreen.xib */ = {
			isa = PBXVariantGroup;
			children = (
				EA8339231A68B04200F3A9E9 /* Base */,
			);
			name = LaunchScreen.xib;
			sourceTree = "<group>";
		};
/* End PBXVariantGroup section */

/* Begin XCBuildConfiguration section */
		EA8339311A68B04200F3A9E9 /* Debug */ = {
			isa = XCBuildConfiguration;
			buildSettings = {
				ALWAYS_SEARCH_USER_PATHS = NO;
				CLANG_CXX_LANGUAGE_STANDARD = "gnu++0x";
				CLANG_CXX_LIBRARY = "libc++";
				CLANG_ENABLE_MODULES = YES;
				CLANG_ENABLE_OBJC_ARC = YES;
				CLANG_WARN_BOOL_CONVERSION = YES;
				CLANG_WARN_CONSTANT_CONVERSION = YES;
				CLANG_WARN_DIRECT_OBJC_ISA_USAGE = YES_ERROR;
				CLANG_WARN_EMPTY_BODY = YES;
				CLANG_WARN_ENUM_CONVERSION = YES;
				CLANG_WARN_INT_CONVERSION = YES;
				CLANG_WARN_OBJC_ROOT_CLASS = YES_ERROR;
				CLANG_WARN_UNREACHABLE_CODE = YES;
				CLANG_WARN__DUPLICATE_METHOD_MATCH = YES;
				"CODE_SIGN_IDENTITY[sdk=iphoneos*]" = "iPhone Developer";
				COPY_PHASE_STRIP = NO;
				ENABLE_STRICT_OBJC_MSGSEND = YES;
				GCC_C_LANGUAGE_STANDARD = gnu99;
				GCC_DYNAMIC_NO_PIC = NO;
				GCC_OPTIMIZATION_LEVEL = 0;
				GCC_PREPROCESSOR_DEFINITIONS = (
					"DEBUG=1",
					"$(inherited)",
				);
				GCC_SYMBOLS_PRIVATE_EXTERN = NO;
				GCC_WARN_64_TO_32_BIT_CONVERSION = YES;
				GCC_WARN_ABOUT_RETURN_TYPE = YES_ERROR;
				GCC_WARN_UNDECLARED_SELECTOR = YES;
				GCC_WARN_UNINITIALIZED_AUTOS = YES_AGGRESSIVE;
				GCC_WARN_UNUSED_FUNCTION = YES;
				GCC_WARN_UNUSED_VARIABLE = YES;
				IPHONEOS_DEPLOYMENT_TARGET = 8.1;
				MTL_ENABLE_DEBUG_INFO = YES;
				ONLY_ACTIVE_ARCH = YES;
				SDKROOT = iphoneos;
			};
			name = Debug;
		};
		EA8339321A68B04200F3A9E9 /* Release */ = {
			isa = XCBuildConfiguration;
			buildSettings = {
				ALWAYS_SEARCH_USER_PATHS = NO;
				CLANG_CXX_LANGUAGE_STANDARD = "gnu++0x";
				CLANG_CXX_LIBRARY = "libc++";
				CLANG_ENABLE_MODULES = YES;
				CLANG_ENABLE_OBJC_ARC = YES;
				CLANG_WARN_BOOL_CONVERSION = YES;
				CLANG_WARN_CONSTANT_CONVERSION = YES;
				CLANG_WARN_DIRECT_OBJC_ISA_USAGE = YES_ERROR;
				CLANG_WARN_EMPTY_BODY = YES;
				CLANG_WARN_ENUM_CONVERSION = YES;
				CLANG_WARN_INT_CONVERSION = YES;
				CLANG_WARN_OBJC_ROOT_CLASS = YES_ERROR;
				CLANG_WARN_UNREACHABLE_CODE = YES;
				CLANG_WARN__DUPLICATE_METHOD_MATCH = YES;
				"CODE_SIGN_IDENTITY[sdk=iphoneos*]" = "iPhone Developer";
				COPY_PHASE_STRIP = YES;
				ENABLE_NS_ASSERTIONS = NO;
				ENABLE_STRICT_OBJC_MSGSEND = YES;
				GCC_C_LANGUAGE_STANDARD = gnu99;
				GCC_WARN_64_TO_32_BIT_CONVERSION = YES;
				GCC_WARN_ABOUT_RETURN_TYPE = YES_ERROR;
				GCC_WARN_UNDECLARED_SELECTOR = YES;
				GCC_WARN_UNINITIALIZED_AUTOS = YES_AGGRESSIVE;
				GCC_WARN_UNUSED_FUNCTION = YES;
				GCC_WARN_UNUSED_VARIABLE = YES;
				IPHONEOS_DEPLOYMENT_TARGET = 8.1;
				MTL_ENABLE_DEBUG_INFO = NO;
				SDKROOT = iphoneos;
				VALIDATE_PRODUCT = YES;
			};
			name = Release;
		};
		EA8339341A68B04200F3A9E9 /* Debug */ = {
			isa = XCBuildConfiguration;
			buildSettings = {
				ASSETCATALOG_COMPILER_APPICON_NAME = AppIcon;
				INFOPLIST_FILE = abhegios/Info.plist;
				LD_RUNPATH_SEARCH_PATHS = "$(inherited) @executable_path/Frameworks";
				PRODUCT_NAME = "$(TARGET_NAME)";
			};
			name = Debug;
		};
		EA8339351A68B04200F3A9E9 /* Release */ = {
			isa = XCBuildConfiguration;
			buildSettings = {
				ASSETCATALOG_COMPILER_APPICON_NAME = AppIcon;
				INFOPLIST_FILE = abhegios/Info.plist;
				LD_RUNPATH_SEARCH_PATHS = "$(inherited) @executable_path/Frameworks";
				PRODUCT_NAME = "$(TARGET_NAME)";
			};
			name = Release;
		};
/* End XCBuildConfiguration section */

/* Begin XCConfigurationList section */
		EA8339081A68B04200F3A9E9 /* Build configuration list for PBXProject "abhegios" */ = {
			isa = XCConfigurationList;
			buildConfigurations = (
				EA8339311A68B04200F3A9E9 /* Debug */,
				EA8339321A68B04200F3A9E9 /* Release */,
			);
			defaultConfigurationIsVisible = 0;
			defaultConfigurationName = Release;
		};
		EA8339331A68B04200F3A9E9 /* Build configuration list for PBXNativeTarget "abhegios" */ = {
			isa = XCConfigurationList;
			buildConfigurations = (
				EA8339341A68B04200F3A9E9 /* Debug */,
				EA8339351A68B04200F3A9E9 /* Release */,
			);
			defaultConfigurationIsVisible = 0;
			defaultConfigurationName = Release;
		};
/* End XCConfigurationList section */
	};
	rootObject = EA8339051A68B04200F3A9E9 /* Project object */;
}
